{
  "pins" : [
    {
      "identity" : "anmodelkit",
      "kind" : "remoteSourceControl",
      "location" : "https://github.com/dan-hart/ANModelKit",
      "state" : {
        "revision" : "e957a7765253825ffb5acc188f34d6b28e590fc6",
        "version" : "1.0.2"
      }
    },
    {
      "identity" : "dhloggingkit",
      "kind" : "remoteSourceControl",
      "location" : "https://github.com/dan-hart/DHLoggingKit",
      "state" : {
        "revision" : "b75135996d38c93eda5d635949389006fc2e45ed",
        "version" : "1.0.0"
      }
    },
    {
      "identity" : "dhutilitykit",
      "kind" : "remoteSourceControl",
      "location" : "https://github.com/dan-hart/DHUtilityKit",
      "state" : {
        "revision" : "943f67184e739b1239076b643e455d933467acaa",
        "version" : "1.0.0"
      }
    },
    {
      "identity" : "purchases-ios",
      "kind" : "remoteSourceControl",
      "location" : "https://github.com/RevenueCat/purchases-ios",
      "state" : {
        "revision" : "7abf1505551da3d8c33d4306a80c1e1cc450e47e",
        "version" : "5.37.0"
      }
    },
    {
      "identity" : "sfsafesymbols",
      "kind" : "remoteSourceControl",
      "location" : "https://github.com/SFSafeSymbols/SFSafeSymbols",
      "state" : {
        "revision" : "3dd282d3269b061853a3b3bcd23a509d2aa166ce",
        "version" : "6.2.0"
      }
    },
    {
      "identity" : "swift-docc-plugin",
      "kind" : "remoteSourceControl",
      "location" : "https://github.com/apple/swift-docc-plugin",
      "state" : {
        "revision" : "3e4f133a77e644a5812911a0513aeb7288b07d06",
        "version" : "1.4.5"
      }
    },
    {
      "identity" : "swift-docc-symbolkit",
      "kind" : "remoteSourceControl",
      "location" : "https://github.com/swiftlang/swift-docc-symbolkit",
      "state" : {
        "revision" : "b45d1f2ed151d057b54504d653e0da5552844e34",
        "version" : "1.0.0"
      }
    },
    {
      "identity" : "swiftrxnorm",
      "kind" : "remoteSourceControl",
      "location" : "https://github.com/dan-hart/SwiftRxNorm",
      "state" : {
        "revision" : "a2cbccbdb82d2bdeb71c41db4e7497b2efaeae34",
        "version" : "1.0.0"
      }
    }
  ],
  "version" : 2
}
