// !$*UTF8*$!
{
	archiveVersion = 1;
	classes = {
	};
	objectVersion = 56;
	objects = {

/* Begin PBXBuildFile section */
		5235DAEB28E296CA00384C53 /* HeathDataAccessor.swift in Sources */ = {isa = PBXBuildFile; fileRef = 5235DAEA28E296CA00384C53 /* HeathDataAccessor.swift */; };
		5235DAED28E296EC00384C53 /* HealthDataAccessing.swift in Sources */ = {isa = PBXBuildFile; fileRef = 5235DAEC28E296EC00384C53 /* HealthDataAccessing.swift */; };
		524658F629774AA200B48056 /* Alerts.swift in Sources */ = {isa = PBXBuildFile; fileRef = 524658F529774AA200B48056 /* Alerts.swift */; };
		524658F929774B9700B48056 /* HomeView.swift in Sources */ = {isa = PBXBuildFile; fileRef = 524658F829774B9700B48056 /* HomeView.swift */; };
		527AFA2628E26B3400BD575D /* AsNeededApp.swift in Sources */ = {isa = PBXBuildFile; fileRef = 527AFA2528E26B3400BD575D /* AsNeededApp.swift */; };
		527AFA2828E26B3400BD575D /* HealthDataView.swift in Sources */ = {isa = PBXBuildFile; fileRef = 527AFA2728E26B3400BD575D /* HealthDataView.swift */; };
		527AFA2A28E26B3600BD575D /* Assets.xcassets in Resources */ = {isa = PBXBuildFile; fileRef = 527AFA2928E26B3600BD575D /* Assets.xcassets */; };
		527AFA2D28E26B3600BD575D /* Preview Assets.xcassets in Resources */ = {isa = PBXBuildFile; fileRef = 527AFA2C28E26B3600BD575D /* Preview Assets.xcassets */; };
		52929D9E28EF24F400C996E0 /* ContentView.swift in Sources */ = {isa = PBXBuildFile; fileRef = 52929D9D28EF24F400C996E0 /* ContentView.swift */; };
		52929DA128EF25A600C996E0 /* QuantityView.swift in Sources */ = {isa = PBXBuildFile; fileRef = 52929DA028EF25A600C996E0 /* QuantityView.swift */; };
		52929DA328EF262400C996E0 /* Trajectory.swift in Sources */ = {isa = PBXBuildFile; fileRef = 52929DA228EF262300C996E0 /* Trajectory.swift */; };
		52929DA628EF270100C996E0 /* SFSafeSymbols in Frameworks */ = {isa = PBXBuildFile; productRef = 52929DA528EF270100C996E0 /* SFSafeSymbols */; };
		52929DA928EF291700C996E0 /* Constants.swift in Sources */ = {isa = PBXBuildFile; fileRef = 52929DA828EF291700C996E0 /* Constants.swift */; };
		52929DAC28EF29A500C996E0 /* SwiftyUserDefaults in Frameworks */ = {isa = PBXBuildFile; productRef = 52929DAB28EF29A500C996E0 /* SwiftyUserDefaults */; };
		52929DAE28EF29B700C996E0 /* DefaultKeys.swift in Sources */ = {isa = PBXBuildFile; fileRef = 52929DAD28EF29B700C996E0 /* DefaultKeys.swift */; };
		52929DB028EF2B6200C996E0 /* UserData.swift in Sources */ = {isa = PBXBuildFile; fileRef = 52929DAF28EF2B6200C996E0 /* UserData.swift */; };
		52929DB228EF2CE100C996E0 /* AsNeededDatePickerView.swift in Sources */ = {isa = PBXBuildFile; fileRef = 52929DB128EF2CE100C996E0 /* AsNeededDatePickerView.swift */; };
		52929DB828EF306500C996E0 /* SwiftDate in Frameworks */ = {isa = PBXBuildFile; productRef = 52929DB728EF306500C996E0 /* SwiftDate */; };
		52929DBA28EF373A00C996E0 /* Pluralize.swift in Sources */ = {isa = PBXBuildFile; fileRef = 52929DB928EF373A00C996E0 /* Pluralize.swift */; };
		52929DBD28EF391F00C996E0 /* SettingsView.swift in Sources */ = {isa = PBXBuildFile; fileRef = 52929DBC28EF391F00C996E0 /* SettingsView.swift */; };
		52929DBF28EF3AD800C996E0 /* DisclaimerView.swift in Sources */ = {isa = PBXBuildFile; fileRef = 52929DBE28EF3AD800C996E0 /* DisclaimerView.swift */; };
		52929DC128EF407C00C996E0 /* TrajectoryView.swift in Sources */ = {isa = PBXBuildFile; fileRef = 52929DC028EF407C00C996E0 /* TrajectoryView.swift */; };
		52929DC528EF443E00C996E0 /* Double+roundToPlaces.swift in Sources */ = {isa = PBXBuildFile; fileRef = 52929DC428EF443E00C996E0 /* Double+roundToPlaces.swift */; };
		52929DC728EF48D000C996E0 /* AsNeededMGView.swift in Sources */ = {isa = PBXBuildFile; fileRef = 52929DC628EF48D000C996E0 /* AsNeededMGView.swift */; };
		52929DC928EF506200C996E0 /* PlanView.swift in Sources */ = {isa = PBXBuildFile; fileRef = 52929DC828EF506200C996E0 /* PlanView.swift */; };
		52E82A7828F06C1F00178977 /* AddOrSubtractQuantityView.swift in Sources */ = {isa = PBXBuildFile; fileRef = 52E82A7728F06C1F00178977 /* AddOrSubtractQuantityView.swift */; };
		52E82A7A28F06FE600178977 /* RefillButtonView.swift in Sources */ = {isa = PBXBuildFile; fileRef = 52E82A7928F06FE600178977 /* RefillButtonView.swift */; };
		52E82A7C28F078C600178977 /* UserDataTests.swift in Sources */ = {isa = PBXBuildFile; fileRef = 52E82A7B28F078C600178977 /* UserDataTests.swift */; };
/* End PBXBuildFile section */

/* Begin PBXContainerItemProxy section */
		527AFA3328E26B3600BD575D /* PBXContainerItemProxy */ = {
			isa = PBXContainerItemProxy;
			containerPortal = 527AFA1A28E26B3400BD575D /* Project object */;
			proxyType = 1;
			remoteGlobalIDString = 527AFA2128E26B3400BD575D;
			remoteInfo = AsNeeded;
		};
		527AFA3D28E26B3600BD575D /* PBXContainerItemProxy */ = {
			isa = PBXContainerItemProxy;
			containerPortal = 527AFA1A28E26B3400BD575D /* Project object */;
			proxyType = 1;
			remoteGlobalIDString = 527AFA2128E26B3400BD575D;
			remoteInfo = AsNeeded;
		};
/* End PBXContainerItemProxy section */

/* Begin PBXFileReference section */
		5235DAEA28E296CA00384C53 /* HeathDataAccessor.swift */ = {isa = PBXFileReference; lastKnownFileType = sourcecode.swift; path = HeathDataAccessor.swift; sourceTree = "<group>"; };
		5235DAEC28E296EC00384C53 /* HealthDataAccessing.swift */ = {isa = PBXFileReference; lastKnownFileType = sourcecode.swift; path = HealthDataAccessing.swift; sourceTree = "<group>"; };
		5235DAEE28E29DB100384C53 /* AsNeeded.entitlements */ = {isa = PBXFileReference; lastKnownFileType = text.plist.entitlements; path = AsNeeded.entitlements; sourceTree = "<group>"; };
		5235DAEF28E29E1A00384C53 /* Info.plist */ = {isa = PBXFileReference; lastKnownFileType = text.plist; path = Info.plist; sourceTree = "<group>"; };
		524658F529774AA200B48056 /* Alerts.swift */ = {isa = PBXFileReference; lastKnownFileType = sourcecode.swift; path = Alerts.swift; sourceTree = "<group>"; };
		524658F829774B9700B48056 /* HomeView.swift */ = {isa = PBXFileReference; lastKnownFileType = sourcecode.swift; path = HomeView.swift; sourceTree = "<group>"; };
		527AFA2228E26B3400BD575D /* AsNeeded.app */ = {isa = PBXFileReference; explicitFileType = wrapper.application; includeInIndex = 0; path = AsNeeded.app; sourceTree = BUILT_PRODUCTS_DIR; };
		527AFA2528E26B3400BD575D /* AsNeededApp.swift */ = {isa = PBXFileReference; lastKnownFileType = sourcecode.swift; path = AsNeededApp.swift; sourceTree = "<group>"; };
		527AFA2728E26B3400BD575D /* HealthDataView.swift */ = {isa = PBXFileReference; lastKnownFileType = sourcecode.swift; path = HealthDataView.swift; sourceTree = "<group>"; };
		527AFA2928E26B3600BD575D /* Assets.xcassets */ = {isa = PBXFileReference; lastKnownFileType = folder.assetcatalog; path = Assets.xcassets; sourceTree = "<group>"; };
		527AFA2C28E26B3600BD575D /* Preview Assets.xcassets */ = {isa = PBXFileReference; lastKnownFileType = folder.assetcatalog; path = "Preview Assets.xcassets"; sourceTree = "<group>"; };
		527AFA3228E26B3600BD575D /* AsNeededTests.xctest */ = {isa = PBXFileReference; explicitFileType = wrapper.cfbundle; includeInIndex = 0; path = AsNeededTests.xctest; sourceTree = BUILT_PRODUCTS_DIR; };
		527AFA3C28E26B3600BD575D /* AsNeededUITests.xctest */ = {isa = PBXFileReference; explicitFileType = wrapper.cfbundle; includeInIndex = 0; path = AsNeededUITests.xctest; sourceTree = BUILT_PRODUCTS_DIR; };
		52929D9D28EF24F400C996E0 /* ContentView.swift */ = {isa = PBXFileReference; lastKnownFileType = sourcecode.swift; path = ContentView.swift; sourceTree = "<group>"; };
		52929DA028EF25A600C996E0 /* QuantityView.swift */ = {isa = PBXFileReference; lastKnownFileType = sourcecode.swift; path = QuantityView.swift; sourceTree = "<group>"; };
		52929DA228EF262300C996E0 /* Trajectory.swift */ = {isa = PBXFileReference; lastKnownFileType = sourcecode.swift; path = Trajectory.swift; sourceTree = "<group>"; };
		52929DA828EF291700C996E0 /* Constants.swift */ = {isa = PBXFileReference; lastKnownFileType = sourcecode.swift; path = Constants.swift; sourceTree = "<group>"; };
		52929DAD28EF29B700C996E0 /* DefaultKeys.swift */ = {isa = PBXFileReference; lastKnownFileType = sourcecode.swift; path = DefaultKeys.swift; sourceTree = "<group>"; };
		52929DAF28EF2B6200C996E0 /* UserData.swift */ = {isa = PBXFileReference; lastKnownFileType = sourcecode.swift; path = UserData.swift; sourceTree = "<group>"; };
		52929DB128EF2CE100C996E0 /* AsNeededDatePickerView.swift */ = {isa = PBXFileReference; lastKnownFileType = sourcecode.swift; path = AsNeededDatePickerView.swift; sourceTree = "<group>"; };
		52929DB928EF373A00C996E0 /* Pluralize.swift */ = {isa = PBXFileReference; lastKnownFileType = sourcecode.swift; path = Pluralize.swift; sourceTree = "<group>"; };
		52929DBC28EF391F00C996E0 /* SettingsView.swift */ = {isa = PBXFileReference; lastKnownFileType = sourcecode.swift; path = SettingsView.swift; sourceTree = "<group>"; };
		52929DBE28EF3AD800C996E0 /* DisclaimerView.swift */ = {isa = PBXFileReference; lastKnownFileType = sourcecode.swift; path = DisclaimerView.swift; sourceTree = "<group>"; };
		52929DC028EF407C00C996E0 /* TrajectoryView.swift */ = {isa = PBXFileReference; lastKnownFileType = sourcecode.swift; path = TrajectoryView.swift; sourceTree = "<group>"; };
		52929DC428EF443E00C996E0 /* Double+roundToPlaces.swift */ = {isa = PBXFileReference; lastKnownFileType = sourcecode.swift; path = "Double+roundToPlaces.swift"; sourceTree = "<group>"; };
		52929DC628EF48D000C996E0 /* AsNeededMGView.swift */ = {isa = PBXFileReference; lastKnownFileType = sourcecode.swift; path = AsNeededMGView.swift; sourceTree = "<group>"; };
		52929DC828EF506200C996E0 /* PlanView.swift */ = {isa = PBXFileReference; lastKnownFileType = sourcecode.swift; path = PlanView.swift; sourceTree = "<group>"; };
		52E82A7728F06C1F00178977 /* AddOrSubtractQuantityView.swift */ = {isa = PBXFileReference; lastKnownFileType = sourcecode.swift; path = AddOrSubtractQuantityView.swift; sourceTree = "<group>"; };
		52E82A7928F06FE600178977 /* RefillButtonView.swift */ = {isa = PBXFileReference; lastKnownFileType = sourcecode.swift; path = RefillButtonView.swift; sourceTree = "<group>"; };
		52E82A7B28F078C600178977 /* UserDataTests.swift */ = {isa = PBXFileReference; lastKnownFileType = sourcecode.swift; path = UserDataTests.swift; sourceTree = "<group>"; };
/* End PBXFileReference section */

/* Begin PBXFrameworksBuildPhase section */
		527AFA1F28E26B3400BD575D /* Frameworks */ = {
			isa = PBXFrameworksBuildPhase;
			buildActionMask = 2147483647;
			files = (
				52929DA628EF270100C996E0 /* SFSafeSymbols in Frameworks */,
				52929DAC28EF29A500C996E0 /* SwiftyUserDefaults in Frameworks */,
				52929DB828EF306500C996E0 /* SwiftDate in Frameworks */,
			);
			runOnlyForDeploymentPostprocessing = 0;
		};
		527AFA2F28E26B3600BD575D /* Frameworks */ = {
			isa = PBXFrameworksBuildPhase;
			buildActionMask = 2147483647;
			files = (
			);
			runOnlyForDeploymentPostprocessing = 0;
		};
		527AFA3928E26B3600BD575D /* Frameworks */ = {
			isa = PBXFrameworksBuildPhase;
			buildActionMask = 2147483647;
			files = (
			);
			runOnlyForDeploymentPostprocessing = 0;
		};
/* End PBXFrameworksBuildPhase section */

/* Begin PBXGroup section */
		524658F729774AD300B48056 /* Alerts */ = {
			isa = PBXGroup;
			children = (
				524658F529774AA200B48056 /* Alerts.swift */,
			);
			path = Alerts;
			sourceTree = "<group>";
		};
		527AFA1928E26B3400BD575D = {
			isa = PBXGroup;
			children = (
				527AFA2428E26B3400BD575D /* AsNeeded */,
				527AFA3528E26B3600BD575D /* AsNeededTests */,
				527AFA2328E26B3400BD575D /* Products */,
			);
			sourceTree = "<group>";
		};
		527AFA2328E26B3400BD575D /* Products */ = {
			isa = PBXGroup;
			children = (
				527AFA2228E26B3400BD575D /* AsNeeded.app */,
				527AFA3228E26B3600BD575D /* AsNeededTests.xctest */,
				527AFA3C28E26B3600BD575D /* AsNeededUITests.xctest */,
			);
			name = Products;
			sourceTree = "<group>";
		};
		527AFA2428E26B3400BD575D /* AsNeeded */ = {
			isa = PBXGroup;
			children = (
				52929DC228EF442C00C996E0 /* Extensions */,
				5235DAEF28E29E1A00384C53 /* Info.plist */,
				5235DAEE28E29DB100384C53 /* AsNeeded.entitlements */,
				52D0DF0B28E26F3B00962C13 /* Logic */,
				52D0DF0A28E26F3600962C13 /* Models */,
				52D0DF0928E26F3100962C13 /* Views */,
				527AFA2528E26B3400BD575D /* AsNeededApp.swift */,
				527AFA2928E26B3600BD575D /* Assets.xcassets */,
				527AFA2B28E26B3600BD575D /* Preview Content */,
			);
			path = AsNeeded;
			sourceTree = "<group>";
		};
		527AFA2B28E26B3600BD575D /* Preview Content */ = {
			isa = PBXGroup;
			children = (
				527AFA2C28E26B3600BD575D /* Preview Assets.xcassets */,
			);
			path = "Preview Content";
			sourceTree = "<group>";
		};
		527AFA3528E26B3600BD575D /* AsNeededTests */ = {
			isa = PBXGroup;
			children = (
				52E82A7B28F078C600178977 /* UserDataTests.swift */,
			);
			path = AsNeededTests;
			sourceTree = "<group>";
		};
		52929D9F28EF259500C996E0 /* Components */ = {
			isa = PBXGroup;
			children = (
				52929DA028EF25A600C996E0 /* QuantityView.swift */,
				52929DB128EF2CE100C996E0 /* AsNeededDatePickerView.swift */,
				52929DBE28EF3AD800C996E0 /* DisclaimerView.swift */,
				52929DC028EF407C00C996E0 /* TrajectoryView.swift */,
				52929DC628EF48D000C996E0 /* AsNeededMGView.swift */,
				52E82A7928F06FE600178977 /* RefillButtonView.swift */,
			);
			path = Components;
			sourceTree = "<group>";
		};
		52929DBB28EF391100C996E0 /* Screens */ = {
			isa = PBXGroup;
			children = (
				52929DBC28EF391F00C996E0 /* SettingsView.swift */,
				52929DC828EF506200C996E0 /* PlanView.swift */,
				52E82A7728F06C1F00178977 /* AddOrSubtractQuantityView.swift */,
				524658F829774B9700B48056 /* HomeView.swift */,
			);
			path = Screens;
			sourceTree = "<group>";
		};
		52929DC228EF442C00C996E0 /* Extensions */ = {
			isa = PBXGroup;
			children = (
				52929DC328EF443100C996E0 /* DoubleExtensions */,
			);
			path = Extensions;
			sourceTree = "<group>";
		};
		52929DC328EF443100C996E0 /* DoubleExtensions */ = {
			isa = PBXGroup;
			children = (
				52929DC428EF443E00C996E0 /* Double+roundToPlaces.swift */,
			);
			path = DoubleExtensions;
			sourceTree = "<group>";
		};
		52D0DF0928E26F3100962C13 /* Views */ = {
			isa = PBXGroup;
			children = (
				52929DBB28EF391100C996E0 /* Screens */,
				52929D9F28EF259500C996E0 /* Components */,
				527AFA2728E26B3400BD575D /* HealthDataView.swift */,
				52929D9D28EF24F400C996E0 /* ContentView.swift */,
			);
			path = Views;
			sourceTree = "<group>";
		};
		52D0DF0A28E26F3600962C13 /* Models */ = {
			isa = PBXGroup;
			children = (
				52929DA828EF291700C996E0 /* Constants.swift */,
				52929DA228EF262300C996E0 /* Trajectory.swift */,
				52929DAD28EF29B700C996E0 /* DefaultKeys.swift */,
				52929DAF28EF2B6200C996E0 /* UserData.swift */,
			);
			path = Models;
			sourceTree = "<group>";
		};
		52D0DF0B28E26F3B00962C13 /* Logic */ = {
			isa = PBXGroup;
			children = (
				524658F729774AD300B48056 /* Alerts */,
				5235DAEA28E296CA00384C53 /* HeathDataAccessor.swift */,
				5235DAEC28E296EC00384C53 /* HealthDataAccessing.swift */,
				52929DB928EF373A00C996E0 /* Pluralize.swift */,
			);
			path = Logic;
			sourceTree = "<group>";
		};
/* End PBXGroup section */

/* Begin PBXNativeTarget section */
		527AFA2128E26B3400BD575D /* AsNeeded */ = {
			isa = PBXNativeTarget;
			buildConfigurationList = 527AFA4628E26B3600BD575D /* Build configuration list for PBXNativeTarget "AsNeeded" */;
			buildPhases = (
				527AFA1E28E26B3400BD575D /* Sources */,
				527AFA1F28E26B3400BD575D /* Frameworks */,
				527AFA2028E26B3400BD575D /* Resources */,
			);
			buildRules = (
			);
			dependencies = (
			);
			name = AsNeeded;
			packageProductDependencies = (
				52929DA528EF270100C996E0 /* SFSafeSymbols */,
				52929DAB28EF29A500C996E0 /* SwiftyUserDefaults */,
				52929DB728EF306500C996E0 /* SwiftDate */,
			);
			productName = AsNeeded;
			productReference = 527AFA2228E26B3400BD575D /* AsNeeded.app */;
			productType = "com.apple.product-type.application";
		};
		527AFA3128E26B3600BD575D /* AsNeededTests */ = {
			isa = PBXNativeTarget;
			buildConfigurationList = 527AFA4928E26B3600BD575D /* Build configuration list for PBXNativeTarget "AsNeededTests" */;
			buildPhases = (
				527AFA2E28E26B3600BD575D /* Sources */,
				527AFA2F28E26B3600BD575D /* Frameworks */,
				527AFA3028E26B3600BD575D /* Resources */,
			);
			buildRules = (
			);
			dependencies = (
				527AFA3428E26B3600BD575D /* PBXTargetDependency */,
			);
			name = AsNeededTests;
			productName = AsNeededTests;
			productReference = 527AFA3228E26B3600BD575D /* AsNeededTests.xctest */;
			productType = "com.apple.product-type.bundle.unit-test";
		};
		527AFA3B28E26B3600BD575D /* AsNeededUITests */ = {
			isa = PBXNativeTarget;
			buildConfigurationList = 527AFA4C28E26B3600BD575D /* Build configuration list for PBXNativeTarget "AsNeededUITests" */;
			buildPhases = (
				527AFA3828E26B3600BD575D /* Sources */,
				527AFA3928E26B3600BD575D /* Frameworks */,
				527AFA3A28E26B3600BD575D /* Resources */,
			);
			buildRules = (
			);
			dependencies = (
				527AFA3E28E26B3600BD575D /* PBXTargetDependency */,
			);
			name = AsNeededUITests;
			productName = AsNeededUITests;
			productReference = 527AFA3C28E26B3600BD575D /* AsNeededUITests.xctest */;
			productType = "com.apple.product-type.bundle.ui-testing";
		};
/* End PBXNativeTarget section */

/* Begin PBXProject section */
		527AFA1A28E26B3400BD575D /* Project object */ = {
			isa = PBXProject;
			attributes = {
				BuildIndependentTargetsInParallel = 1;
				LastSwiftUpdateCheck = 1400;
				LastUpgradeCheck = 1400;
				TargetAttributes = {
					527AFA2128E26B3400BD575D = {
						CreatedOnToolsVersion = 14.0;
					};
					527AFA3128E26B3600BD575D = {
						CreatedOnToolsVersion = 14.0;
						TestTargetID = 527AFA2128E26B3400BD575D;
					};
					527AFA3B28E26B3600BD575D = {
						CreatedOnToolsVersion = 14.0;
						TestTargetID = 527AFA2128E26B3400BD575D;
					};
				};
			};
			buildConfigurationList = 527AFA1D28E26B3400BD575D /* Build configuration list for PBXProject "AsNeeded" */;
			compatibilityVersion = "Xcode 14.0";
			developmentRegion = en;
			hasScannedForEncodings = 0;
			knownRegions = (
				en,
				Base,
			);
			mainGroup = 527AFA1928E26B3400BD575D;
			packageReferences = (
				52929DA428EF270100C996E0 /* XCRemoteSwiftPackageReference "SFSafeSymbols" */,
				52929DAA28EF29A500C996E0 /* XCRemoteSwiftPackageReference "SwiftyUserDefaults" */,
				52929DB628EF306500C996E0 /* XCRemoteSwiftPackageReference "SwiftDate" */,
			);
			productRefGroup = 527AFA2328E26B3400BD575D /* Products */;
			projectDirPath = "";
			projectRoot = "";
			targets = (
				527AFA2128E26B3400BD575D /* AsNeeded */,
				527AFA3128E26B3600BD575D /* AsNeededTests */,
				527AFA3B28E26B3600BD575D /* AsNeededUITests */,
			);
		};
/* End PBXProject section */

/* Begin PBXResourcesBuildPhase section */
		527AFA2028E26B3400BD575D /* Resources */ = {
			isa = PBXResourcesBuildPhase;
			buildActionMask = 2147483647;
			files = (
				527AFA2D28E26B3600BD575D /* Preview Assets.xcassets in Resources */,
				527AFA2A28E26B3600BD575D /* Assets.xcassets in Resources */,
			);
			runOnlyForDeploymentPostprocessing = 0;
		};
		527AFA3028E26B3600BD575D /* Resources */ = {
			isa = PBXResourcesBuildPhase;
			buildActionMask = 2147483647;
			files = (
			);
			runOnlyForDeploymentPostprocessing = 0;
		};
		527AFA3A28E26B3600BD575D /* Resources */ = {
			isa = PBXResourcesBuildPhase;
			buildActionMask = 2147483647;
			files = (
			);
			runOnlyForDeploymentPostprocessing = 0;
		};
/* End PBXResourcesBuildPhase section */

/* Begin PBXSourcesBuildPhase section */
		527AFA1E28E26B3400BD575D /* Sources */ = {
			isa = PBXSourcesBuildPhase;
			buildActionMask = 2147483647;
			files = (
				52E82A7828F06C1F00178977 /* AddOrSubtractQuantityView.swift in Sources */,
				5235DAED28E296EC00384C53 /* HealthDataAccessing.swift in Sources */,
				52929DC728EF48D000C996E0 /* AsNeededMGView.swift in Sources */,
				52929DA328EF262400C996E0 /* Trajectory.swift in Sources */,
				52929D9E28EF24F400C996E0 /* ContentView.swift in Sources */,
				524658F929774B9700B48056 /* HomeView.swift in Sources */,
				52929DBF28EF3AD800C996E0 /* DisclaimerView.swift in Sources */,
				5235DAEB28E296CA00384C53 /* HeathDataAccessor.swift in Sources */,
				52929DA128EF25A600C996E0 /* QuantityView.swift in Sources */,
				52929DB228EF2CE100C996E0 /* AsNeededDatePickerView.swift in Sources */,
				52929DC128EF407C00C996E0 /* TrajectoryView.swift in Sources */,
				52929DBA28EF373A00C996E0 /* Pluralize.swift in Sources */,
				52929DAE28EF29B700C996E0 /* DefaultKeys.swift in Sources */,
				52929DC928EF506200C996E0 /* PlanView.swift in Sources */,
				527AFA2828E26B3400BD575D /* HealthDataView.swift in Sources */,
				527AFA2628E26B3400BD575D /* AsNeededApp.swift in Sources */,
				52929DB028EF2B6200C996E0 /* UserData.swift in Sources */,
				52929DA928EF291700C996E0 /* Constants.swift in Sources */,
				52929DC528EF443E00C996E0 /* Double+roundToPlaces.swift in Sources */,
				52E82A7A28F06FE600178977 /* RefillButtonView.swift in Sources */,
				524658F629774AA200B48056 /* Alerts.swift in Sources */,
				52929DBD28EF391F00C996E0 /* SettingsView.swift in Sources */,
			);
			runOnlyForDeploymentPostprocessing = 0;
		};
		527AFA2E28E26B3600BD575D /* Sources */ = {
			isa = PBXSourcesBuildPhase;
			buildActionMask = 2147483647;
			files = (
				52E82A7C28F078C600178977 /* UserDataTests.swift in Sources */,
			);
			runOnlyForDeploymentPostprocessing = 0;
		};
		527AFA3828E26B3600BD575D /* Sources */ = {
			isa = PBXSourcesBuildPhase;
			buildActionMask = 2147483647;
			files = (
			);
			runOnlyForDeploymentPostprocessing = 0;
		};
/* End PBXSourcesBuildPhase section */

/* Begin PBXTargetDependency section */
		527AFA3428E26B3600BD575D /* PBXTargetDependency */ = {
			isa = PBXTargetDependency;
			target = 527AFA2128E26B3400BD575D /* AsNeeded */;
			targetProxy = 527AFA3328E26B3600BD575D /* PBXContainerItemProxy */;
		};
		527AFA3E28E26B3600BD575D /* PBXTargetDependency */ = {
			isa = PBXTargetDependency;
			target = 527AFA2128E26B3400BD575D /* AsNeeded */;
			targetProxy = 527AFA3D28E26B3600BD575D /* PBXContainerItemProxy */;
		};
/* End PBXTargetDependency section */

/* Begin XCBuildConfiguration section */
		527AFA4428E26B3600BD575D /* Debug */ = {
			isa = XCBuildConfiguration;
			buildSettings = {
				ALWAYS_SEARCH_USER_PATHS = NO;
				CLANG_ANALYZER_NONNULL = YES;
				CLANG_ANALYZER_NUMBER_OBJECT_CONVERSION = YES_AGGRESSIVE;
				CLANG_CXX_LANGUAGE_STANDARD = "gnu++20";
				CLANG_ENABLE_MODULES = YES;
				CLANG_ENABLE_OBJC_ARC = YES;
				CLANG_ENABLE_OBJC_WEAK = YES;
				CLANG_WARN_BLOCK_CAPTURE_AUTORELEASING = YES;
				CLANG_WARN_BOOL_CONVERSION = YES;
				CLANG_WARN_COMMA = YES;
				CLANG_WARN_CONSTANT_CONVERSION = YES;
				CLANG_WARN_DEPRECATED_OBJC_IMPLEMENTATIONS = YES;
				CLANG_WARN_DIRECT_OBJC_ISA_USAGE = YES_ERROR;
				CLANG_WARN_DOCUMENTATION_COMMENTS = YES;
				CLANG_WARN_EMPTY_BODY = YES;
				CLANG_WARN_ENUM_CONVERSION = YES;
				CLANG_WARN_INFINITE_RECURSION = YES;
				CLANG_WARN_INT_CONVERSION = YES;
				CLANG_WARN_NON_LITERAL_NULL_CONVERSION = YES;
				CLANG_WARN_OBJC_IMPLICIT_RETAIN_SELF = YES;
				CLANG_WARN_OBJC_LITERAL_CONVERSION = YES;
				CLANG_WARN_OBJC_ROOT_CLASS = YES_ERROR;
				CLANG_WARN_QUOTED_INCLUDE_IN_FRAMEWORK_HEADER = YES;
				CLANG_WARN_RANGE_LOOP_ANALYSIS = YES;
				CLANG_WARN_STRICT_PROTOTYPES = YES;
				CLANG_WARN_SUSPICIOUS_MOVE = YES;
				CLANG_WARN_UNGUARDED_AVAILABILITY = YES_AGGRESSIVE;
				CLANG_WARN_UNREACHABLE_CODE = YES;
				CLANG_WARN__DUPLICATE_METHOD_MATCH = YES;
				COPY_PHASE_STRIP = NO;
				DEBUG_INFORMATION_FORMAT = dwarf;
				ENABLE_STRICT_OBJC_MSGSEND = YES;
				ENABLE_TESTABILITY = YES;
				GCC_C_LANGUAGE_STANDARD = gnu11;
				GCC_DYNAMIC_NO_PIC = NO;
				GCC_NO_COMMON_BLOCKS = YES;
				GCC_OPTIMIZATION_LEVEL = 0;
				GCC_PREPROCESSOR_DEFINITIONS = (
					"DEBUG=1",
					"$(inherited)",
				);
				GCC_WARN_64_TO_32_BIT_CONVERSION = YES;
				GCC_WARN_ABOUT_RETURN_TYPE = YES_ERROR;
				GCC_WARN_UNDECLARED_SELECTOR = YES;
				GCC_WARN_UNINITIALIZED_AUTOS = YES_AGGRESSIVE;
				GCC_WARN_UNUSED_FUNCTION = YES;
				GCC_WARN_UNUSED_VARIABLE = YES;
				IPHONEOS_DEPLOYMENT_TARGET = 16.0;
				MTL_ENABLE_DEBUG_INFO = INCLUDE_SOURCE;
				MTL_FAST_MATH = YES;
				ONLY_ACTIVE_ARCH = YES;
				SDKROOT = iphoneos;
				SWIFT_ACTIVE_COMPILATION_CONDITIONS = DEBUG;
				SWIFT_OPTIMIZATION_LEVEL = "-Onone";
			};
			name = Debug;
		};
		527AFA4528E26B3600BD575D /* Release */ = {
			isa = XCBuildConfiguration;
			buildSettings = {
				ALWAYS_SEARCH_USER_PATHS = NO;
				CLANG_ANALYZER_NONNULL = YES;
				CLANG_ANALYZER_NUMBER_OBJECT_CONVERSION = YES_AGGRESSIVE;
				CLANG_CXX_LANGUAGE_STANDARD = "gnu++20";
				CLANG_ENABLE_MODULES = YES;
				CLANG_ENABLE_OBJC_ARC = YES;
				CLANG_ENABLE_OBJC_WEAK = YES;
				CLANG_WARN_BLOCK_CAPTURE_AUTORELEASING = YES;
				CLANG_WARN_BOOL_CONVERSION = YES;
				CLANG_WARN_COMMA = YES;
				CLANG_WARN_CONSTANT_CONVERSION = YES;
				CLANG_WARN_DEPRECATED_OBJC_IMPLEMENTATIONS = YES;
				CLANG_WARN_DIRECT_OBJC_ISA_USAGE = YES_ERROR;
				CLANG_WARN_DOCUMENTATION_COMMENTS = YES;
				CLANG_WARN_EMPTY_BODY = YES;
				CLANG_WARN_ENUM_CONVERSION = YES;
				CLANG_WARN_INFINITE_RECURSION = YES;
				CLANG_WARN_INT_CONVERSION = YES;
				CLANG_WARN_NON_LITERAL_NULL_CONVERSION = YES;
				CLANG_WARN_OBJC_IMPLICIT_RETAIN_SELF = YES;
				CLANG_WARN_OBJC_LITERAL_CONVERSION = YES;
				CLANG_WARN_OBJC_ROOT_CLASS = YES_ERROR;
				CLANG_WARN_QUOTED_INCLUDE_IN_FRAMEWORK_HEADER = YES;
				CLANG_WARN_RANGE_LOOP_ANALYSIS = YES;
				CLANG_WARN_STRICT_PROTOTYPES = YES;
				CLANG_WARN_SUSPICIOUS_MOVE = YES;
				CLANG_WARN_UNGUARDED_AVAILABILITY = YES_AGGRESSIVE;
				CLANG_WARN_UNREACHABLE_CODE = YES;
				CLANG_WARN__DUPLICATE_METHOD_MATCH = YES;
				COPY_PHASE_STRIP = NO;
				DEBUG_INFORMATION_FORMAT = "dwarf-with-dsym";
				ENABLE_NS_ASSERTIONS = NO;
				ENABLE_STRICT_OBJC_MSGSEND = YES;
				GCC_C_LANGUAGE_STANDARD = gnu11;
				GCC_NO_COMMON_BLOCKS = YES;
				GCC_WARN_64_TO_32_BIT_CONVERSION = YES;
				GCC_WARN_ABOUT_RETURN_TYPE = YES_ERROR;
				GCC_WARN_UNDECLARED_SELECTOR = YES;
				GCC_WARN_UNINITIALIZED_AUTOS = YES_AGGRESSIVE;
				GCC_WARN_UNUSED_FUNCTION = YES;
				GCC_WARN_UNUSED_VARIABLE = YES;
				IPHONEOS_DEPLOYMENT_TARGET = 16.0;
				MTL_ENABLE_DEBUG_INFO = NO;
				MTL_FAST_MATH = YES;
				SDKROOT = iphoneos;
				SWIFT_COMPILATION_MODE = wholemodule;
				SWIFT_OPTIMIZATION_LEVEL = "-O";
				VALIDATE_PRODUCT = YES;
			};
			name = Release;
		};
		527AFA4728E26B3600BD575D /* Debug */ = {
			isa = XCBuildConfiguration;
			buildSettings = {
				ASSETCATALOG_COMPILER_APPICON_NAME = AppIcon;
				ASSETCATALOG_COMPILER_GLOBAL_ACCENT_COLOR_NAME = AccentColor;
				CODE_SIGN_ENTITLEMENTS = AsNeeded/AsNeeded.entitlements;
				CODE_SIGN_STYLE = Automatic;
				CURRENT_PROJECT_VERSION = 1;
				DEVELOPMENT_ASSET_PATHS = "\"AsNeeded/Preview Content\"";
				DEVELOPMENT_TEAM = WRJ8J85K4Q;
				ENABLE_PREVIEWS = YES;
				GENERATE_INFOPLIST_FILE = YES;
				INFOPLIST_FILE = AsNeeded/Info.plist;
				INFOPLIST_KEY_NSHealthClinicalHealthRecordsShareUsageDescription = "This app reads your medications to perform insights and inform you of how to take your as needed medication";
				INFOPLIST_KEY_NSHealthShareUsageDescription = "This app reads your medications to perform insights and inform you of how to take your as needed medication";
				INFOPLIST_KEY_UIApplicationSceneManifest_Generation = YES;
				INFOPLIST_KEY_UIApplicationSupportsIndirectInputEvents = YES;
				INFOPLIST_KEY_UILaunchScreen_Generation = YES;
				INFOPLIST_KEY_UISupportedInterfaceOrientations_iPad = "UIInterfaceOrientationPortrait UIInterfaceOrientationPortraitUpsideDown UIInterfaceOrientationLandscapeLeft UIInterfaceOrientationLandscapeRight";
				INFOPLIST_KEY_UISupportedInterfaceOrientations_iPhone = "UIInterfaceOrientationPortrait UIInterfaceOrientationLandscapeLeft UIInterfaceOrientationLandscapeRight";
				LD_RUNPATH_SEARCH_PATHS = (
					"$(inherited)",
					"@executable_path/Frameworks",
				);
				MARKETING_VERSION = 1.0;
				PRODUCT_BUNDLE_IDENTIFIER = com.codedbydan.AsNeeded;
				PRODUCT_NAME = "$(TARGET_NAME)";
				SWIFT_EMIT_LOC_STRINGS = YES;
				SWIFT_VERSION = 5.0;
				TARGETED_DEVICE_FAMILY = "1,2";
			};
			name = Debug;
		};
		527AFA4828E26B3600BD575D /* Release */ = {
			isa = XCBuildConfiguration;
			buildSettings = {
				ASSETCATALOG_COMPILER_APPICON_NAME = AppIcon;
				ASSETCATALOG_COMPILER_GLOBAL_ACCENT_COLOR_NAME = AccentColor;
				CODE_SIGN_ENTITLEMENTS = AsNeeded/AsNeeded.entitlements;
				CODE_SIGN_STYLE = Automatic;
				CURRENT_PROJECT_VERSION = 1;
				DEVELOPMENT_ASSET_PATHS = "\"AsNeeded/Preview Content\"";
				DEVELOPMENT_TEAM = WRJ8J85K4Q;
				ENABLE_PREVIEWS = YES;
				GENERATE_INFOPLIST_FILE = YES;
				INFOPLIST_FILE = AsNeeded/Info.plist;
				INFOPLIST_KEY_NSHealthClinicalHealthRecordsShareUsageDescription = "This app reads your medications to perform insights and inform you of how to take your as needed medication";
				INFOPLIST_KEY_NSHealthShareUsageDescription = "This app reads your medications to perform insights and inform you of how to take your as needed medication";
				INFOPLIST_KEY_UIApplicationSceneManifest_Generation = YES;
				INFOPLIST_KEY_UIApplicationSupportsIndirectInputEvents = YES;
				INFOPLIST_KEY_UILaunchScreen_Generation = YES;
				INFOPLIST_KEY_UISupportedInterfaceOrientations_iPad = "UIInterfaceOrientationPortrait UIInterfaceOrientationPortraitUpsideDown UIInterfaceOrientationLandscapeLeft UIInterfaceOrientationLandscapeRight";
				INFOPLIST_KEY_UISupportedInterfaceOrientations_iPhone = "UIInterfaceOrientationPortrait UIInterfaceOrientationLandscapeLeft UIInterfaceOrientationLandscapeRight";
				LD_RUNPATH_SEARCH_PATHS = (
					"$(inherited)",
					"@executable_path/Frameworks",
				);
				MARKETING_VERSION = 1.0;
				PRODUCT_BUNDLE_IDENTIFIER = com.codedbydan.AsNeeded;
				PRODUCT_NAME = "$(TARGET_NAME)";
				SWIFT_EMIT_LOC_STRINGS = YES;
				SWIFT_VERSION = 5.0;
				TARGETED_DEVICE_FAMILY = "1,2";
			};
			name = Release;
		};
		527AFA4A28E26B3600BD575D /* Debug */ = {
			isa = XCBuildConfiguration;
			buildSettings = {
				ALWAYS_EMBED_SWIFT_STANDARD_LIBRARIES = YES;
				BUNDLE_LOADER = "$(TEST_HOST)";
				CODE_SIGN_STYLE = Automatic;
				CURRENT_PROJECT_VERSION = 1;
				DEVELOPMENT_TEAM = WRJ8J85K4Q;
				GENERATE_INFOPLIST_FILE = YES;
				IPHONEOS_DEPLOYMENT_TARGET = 16.0;
				MARKETING_VERSION = 1.0;
				PRODUCT_BUNDLE_IDENTIFIER = com.codedbydan.AsNeededTests;
				PRODUCT_NAME = "$(TARGET_NAME)";
				SWIFT_EMIT_LOC_STRINGS = NO;
				SWIFT_VERSION = 5.0;
				TARGETED_DEVICE_FAMILY = "1,2";
				TEST_HOST = "$(BUILT_PRODUCTS_DIR)/AsNeeded.app/$(BUNDLE_EXECUTABLE_FOLDER_PATH)/AsNeeded";
			};
			name = Debug;
		};
		527AFA4B28E26B3600BD575D /* Release */ = {
			isa = XCBuildConfiguration;
			buildSettings = {
				ALWAYS_EMBED_SWIFT_STANDARD_LIBRARIES = YES;
				BUNDLE_LOADER = "$(TEST_HOST)";
				CODE_SIGN_STYLE = Automatic;
				CURRENT_PROJECT_VERSION = 1;
				DEVELOPMENT_TEAM = WRJ8J85K4Q;
				GENERATE_INFOPLIST_FILE = YES;
				IPHONEOS_DEPLOYMENT_TARGET = 16.0;
				MARKETING_VERSION = 1.0;
				PRODUCT_BUNDLE_IDENTIFIER = com.codedbydan.AsNeededTests;
				PRODUCT_NAME = "$(TARGET_NAME)";
				SWIFT_EMIT_LOC_STRINGS = NO;
				SWIFT_VERSION = 5.0;
				TARGETED_DEVICE_FAMILY = "1,2";
				TEST_HOST = "$(BUILT_PRODUCTS_DIR)/AsNeeded.app/$(BUNDLE_EXECUTABLE_FOLDER_PATH)/AsNeeded";
			};
			name = Release;
		};
		527AFA4D28E26B3600BD575D /* Debug */ = {
			isa = XCBuildConfiguration;
			buildSettings = {
				ALWAYS_EMBED_SWIFT_STANDARD_LIBRARIES = YES;
				CODE_SIGN_STYLE = Automatic;
				CURRENT_PROJECT_VERSION = 1;
				DEVELOPMENT_TEAM = WRJ8J85K4Q;
				GENERATE_INFOPLIST_FILE = YES;
				MARKETING_VERSION = 1.0;
				PRODUCT_BUNDLE_IDENTIFIER = com.codedbydan.AsNeededUITests;
				PRODUCT_NAME = "$(TARGET_NAME)";
				SWIFT_EMIT_LOC_STRINGS = NO;
				SWIFT_VERSION = 5.0;
				TARGETED_DEVICE_FAMILY = "1,2";
				TEST_TARGET_NAME = AsNeeded;
			};
			name = Debug;
		};
		527AFA4E28E26B3600BD575D /* Release */ = {
			isa = XCBuildConfiguration;
			buildSettings = {
				ALWAYS_EMBED_SWIFT_STANDARD_LIBRARIES = YES;
				CODE_SIGN_STYLE = Automatic;
				CURRENT_PROJECT_VERSION = 1;
				DEVELOPMENT_TEAM = WRJ8J85K4Q;
				GENERATE_INFOPLIST_FILE = YES;
				MARKETING_VERSION = 1.0;
				PRODUCT_BUNDLE_IDENTIFIER = com.codedbydan.AsNeededUITests;
				PRODUCT_NAME = "$(TARGET_NAME)";
				SWIFT_EMIT_LOC_STRINGS = NO;
				SWIFT_VERSION = 5.0;
				TARGETED_DEVICE_FAMILY = "1,2";
				TEST_TARGET_NAME = AsNeeded;
			};
			name = Release;
		};
/* End XCBuildConfiguration section */

/* Begin XCConfigurationList section */
		527AFA1D28E26B3400BD575D /* Build configuration list for PBXProject "AsNeeded" */ = {
			isa = XCConfigurationList;
			buildConfigurations = (
				527AFA4428E26B3600BD575D /* Debug */,
				527AFA4528E26B3600BD575D /* Release */,
			);
			defaultConfigurationIsVisible = 0;
			defaultConfigurationName = Release;
		};
		527AFA4628E26B3600BD575D /* Build configuration list for PBXNativeTarget "AsNeeded" */ = {
			isa = XCConfigurationList;
			buildConfigurations = (
				527AFA4728E26B3600BD575D /* Debug */,
				527AFA4828E26B3600BD575D /* Release */,
			);
			defaultConfigurationIsVisible = 0;
			defaultConfigurationName = Release;
		};
		527AFA4928E26B3600BD575D /* Build configuration list for PBXNativeTarget "AsNeededTests" */ = {
			isa = XCConfigurationList;
			buildConfigurations = (
				527AFA4A28E26B3600BD575D /* Debug */,
				527AFA4B28E26B3600BD575D /* Release */,
			);
			defaultConfigurationIsVisible = 0;
			defaultConfigurationName = Release;
		};
		527AFA4C28E26B3600BD575D /* Build configuration list for PBXNativeTarget "AsNeededUITests" */ = {
			isa = XCConfigurationList;
			buildConfigurations = (
				527AFA4D28E26B3600BD575D /* Debug */,
				527AFA4E28E26B3600BD575D /* Release */,
			);
			defaultConfigurationIsVisible = 0;
			defaultConfigurationName = Release;
		};
/* End XCConfigurationList section */

/* Begin XCRemoteSwiftPackageReference section */
		52929DA428EF270100C996E0 /* XCRemoteSwiftPackageReference "SFSafeSymbols" */ = {
			isa = XCRemoteSwiftPackageReference;
			repositoryURL = "https://github.com/SFSafeSymbols/SFSafeSymbols";
			requirement = {
				kind = upToNextMajorVersion;
				minimumVersion = 4.0.0;
			};
		};
		52929DAA28EF29A500C996E0 /* XCRemoteSwiftPackageReference "SwiftyUserDefaults" */ = {
			isa = XCRemoteSwiftPackageReference;
			repositoryURL = "https://github.com/sunshinejr/SwiftyUserDefaults";
			requirement = {
				kind = upToNextMajorVersion;
				minimumVersion = 5.0.0;
			};
		};
		52929DB628EF306500C996E0 /* XCRemoteSwiftPackageReference "SwiftDate" */ = {
			isa = XCRemoteSwiftPackageReference;
			repositoryURL = "https://github.com/malcommac/SwiftDate";
			requirement = {
				kind = upToNextMajorVersion;
				minimumVersion = 7.0.0;
			};
		};
/* End XCRemoteSwiftPackageReference section */

/* Begin XCSwiftPackageProductDependency section */
		52929DA528EF270100C996E0 /* SFSafeSymbols */ = {
			isa = XCSwiftPackageProductDependency;
			package = 52929DA428EF270100C996E0 /* XCRemoteSwiftPackageReference "SFSafeSymbols" */;
			productName = SFSafeSymbols;
		};
		52929DAB28EF29A500C996E0 /* SwiftyUserDefaults */ = {
			isa = XCSwiftPackageProductDependency;
			package = 52929DAA28EF29A500C996E0 /* XCRemoteSwiftPackageReference "SwiftyUserDefaults" */;
			productName = SwiftyUserDefaults;
		};
		52929DB728EF306500C996E0 /* SwiftDate */ = {
			isa = XCSwiftPackageProductDependency;
			package = 52929DB628EF306500C996E0 /* XCRemoteSwiftPackageReference "SwiftDate" */;
			productName = SwiftDate;
		};
/* End XCSwiftPackageProductDependency section */
	};
	rootObject = 527AFA1A28E26B3400BD575D /* Project object */;
}
