// !$*UTF8*$!
{
	archiveVersion = 1;
	classes = {
	};
	objectVersion = 70;
	objects = {

/* Begin PBXBuildFile section */
		5235DAEB28E296CA00384C53 /* HeathDataAccessor.swift in Sources */ = {isa = PBXBuildFile; fileRef = 5235DAEA28E296CA00384C53 /* HeathDataAccessor.swift */; };
		5235DAED28E296EC00384C53 /* HealthDataAccessing.swift in Sources */ = {isa = PBXBuildFile; fileRef = 5235DAEC28E296EC00384C53 /* HealthDataAccessing.swift */; };
		524658F929774B9700B48056 /* HomeView.swift in Sources */ = {isa = PBXBuildFile; fileRef = 524658F829774B9700B48056 /* HomeView.swift */; };
		5246590129776E9D00B48056 /* DateAndArrayExtensions.swift in Sources */ = {isa = PBXBuildFile; fileRef = 5246590029776E9D00B48056 /* DateAndArrayExtensions.swift */; };
		524659032977706300B48056 /* LogView.swift in Sources */ = {isa = PBXBuildFile; fileRef = 524659022977706300B48056 /* LogView.swift */; };
		524659052977707000B48056 /* LogButtonView.swift in Sources */ = {isa = PBXBuildFile; fileRef = 524659042977707000B48056 /* LogButtonView.swift */; };
		52465907297776EE00B48056 /* Logbook.swift in Sources */ = {isa = PBXBuildFile; fileRef = 52465906297776EE00B48056 /* Logbook.swift */; };
		52465909297778C600B48056 /* LogbookView.swift in Sources */ = {isa = PBXBuildFile; fileRef = 52465908297778C600B48056 /* LogbookView.swift */; };
		5246590B29777AC100B48056 /* LogEntryRowView.swift in Sources */ = {isa = PBXBuildFile; fileRef = 5246590A29777AC100B48056 /* LogEntryRowView.swift */; };
		524942E72CA2C9E5004DB0EC /* WristAsNeeded Watch App.app in Embed Watch Content */ = {isa = PBXBuildFile; fileRef = 524942DA2CA2C9E4004DB0EC /* WristAsNeeded Watch App.app */; settings = {ATTRIBUTES = (RemoveHeadersOnCopy, ); }; };
		5263AE332CA2DD640095D2A0 /* Trajectory.swift in Sources */ = {isa = PBXBuildFile; fileRef = 5263AE322CA2DD640095D2A0 /* Trajectory.swift */; };
		5263AE342CA2DD640095D2A0 /* Trajectory.swift in Sources */ = {isa = PBXBuildFile; fileRef = 5263AE322CA2DD640095D2A0 /* Trajectory.swift */; };
		5263AE362CA2E1B80095D2A0 /* UserData.swift in Sources */ = {isa = PBXBuildFile; fileRef = 5263AE352CA2E1B80095D2A0 /* UserData.swift */; };
		5263AE372CA2E1B80095D2A0 /* UserData.swift in Sources */ = {isa = PBXBuildFile; fileRef = 5263AE352CA2E1B80095D2A0 /* UserData.swift */; };
		5263AE392CA2E87D0095D2A0 /* ExtensionAction.swift in Sources */ = {isa = PBXBuildFile; fileRef = 5263AE382CA2E8780095D2A0 /* ExtensionAction.swift */; };
		5263AE3A2CA2E87D0095D2A0 /* ExtensionAction.swift in Sources */ = {isa = PBXBuildFile; fileRef = 5263AE382CA2E8780095D2A0 /* ExtensionAction.swift */; };
		5263AE3C2CA2ED3B0095D2A0 /* WCReceiver.swift in Sources */ = {isa = PBXBuildFile; fileRef = 5263AE3B2CA2ED3B0095D2A0 /* WCReceiver.swift */; };
		5269C6CD2A588F6C004523F8 /* QuickLogButton.swift in Sources */ = {isa = PBXBuildFile; fileRef = 5269C6CC2A588F6C004523F8 /* QuickLogButton.swift */; };
		5269C6CF2A589ACD004523F8 /* ChartView.swift in Sources */ = {isa = PBXBuildFile; fileRef = 5269C6CE2A589ACD004523F8 /* ChartView.swift */; };
		527326D32CA2C75300B87497 /* SwiftDate in Frameworks */ = {isa = PBXBuildFile; productRef = 527326D22CA2C75300B87497 /* SwiftDate */; };
		52796B272C38593D008B6C3D /* QuickLogOneIntent.swift in Sources */ = {isa = PBXBuildFile; fileRef = 52796B262C38593D008B6C3D /* QuickLogOneIntent.swift */; };
		52796B292C385C4B008B6C3D /* LogShortcuts.swift in Sources */ = {isa = PBXBuildFile; fileRef = 52796B282C385C4B008B6C3D /* LogShortcuts.swift */; };
		52796B2B2C38622C008B6C3D /* GetTodayCount.swift in Sources */ = {isa = PBXBuildFile; fileRef = 52796B2A2C38622C008B6C3D /* GetTodayCount.swift */; };
		52796B2E2C3862F6008B6C3D /* LogItem+totalMG.swift in Sources */ = {isa = PBXBuildFile; fileRef = 52796B2D2C3862F6008B6C3D /* LogItem+totalMG.swift */; };
		527AFA2628E26B3400BD575D /* AsNeededApp.swift in Sources */ = {isa = PBXBuildFile; fileRef = 527AFA2528E26B3400BD575D /* AsNeededApp.swift */; };
		527AFA2828E26B3400BD575D /* HealthDataView.swift in Sources */ = {isa = PBXBuildFile; fileRef = 527AFA2728E26B3400BD575D /* HealthDataView.swift */; };
		527AFA2A28E26B3600BD575D /* Assets.xcassets in Resources */ = {isa = PBXBuildFile; fileRef = 527AFA2928E26B3600BD575D /* Assets.xcassets */; };
		527AFA2D28E26B3600BD575D /* Preview Assets.xcassets in Resources */ = {isa = PBXBuildFile; fileRef = 527AFA2C28E26B3600BD575D /* Preview Assets.xcassets */; };
		52929D9E28EF24F400C996E0 /* ContentView.swift in Sources */ = {isa = PBXBuildFile; fileRef = 52929D9D28EF24F400C996E0 /* ContentView.swift */; };
		52929DA128EF25A600C996E0 /* QuantityView.swift in Sources */ = {isa = PBXBuildFile; fileRef = 52929DA028EF25A600C996E0 /* QuantityView.swift */; };
		52929DA628EF270100C996E0 /* SFSafeSymbols in Frameworks */ = {isa = PBXBuildFile; productRef = 52929DA528EF270100C996E0 /* SFSafeSymbols */; };
		52929DA928EF291700C996E0 /* Constants.swift in Sources */ = {isa = PBXBuildFile; fileRef = 52929DA828EF291700C996E0 /* Constants.swift */; };
		52929DAC28EF29A500C996E0 /* SwiftyUserDefaults in Frameworks */ = {isa = PBXBuildFile; productRef = 52929DAB28EF29A500C996E0 /* SwiftyUserDefaults */; };
		52929DAE28EF29B700C996E0 /* DefaultKeys.swift in Sources */ = {isa = PBXBuildFile; fileRef = 52929DAD28EF29B700C996E0 /* DefaultKeys.swift */; };
		52929DB228EF2CE100C996E0 /* AsNeededDatePickerView.swift in Sources */ = {isa = PBXBuildFile; fileRef = 52929DB128EF2CE100C996E0 /* AsNeededDatePickerView.swift */; };
		52929DBA28EF373A00C996E0 /* Pluralize.swift in Sources */ = {isa = PBXBuildFile; fileRef = 52929DB928EF373A00C996E0 /* Pluralize.swift */; };
		52929DBD28EF391F00C996E0 /* SettingsView.swift in Sources */ = {isa = PBXBuildFile; fileRef = 52929DBC28EF391F00C996E0 /* SettingsView.swift */; };
		52929DBF28EF3AD800C996E0 /* DisclaimerView.swift in Sources */ = {isa = PBXBuildFile; fileRef = 52929DBE28EF3AD800C996E0 /* DisclaimerView.swift */; };
		52929DC128EF407C00C996E0 /* TrajectoryView.swift in Sources */ = {isa = PBXBuildFile; fileRef = 52929DC028EF407C00C996E0 /* TrajectoryView.swift */; };
		52929DC528EF443E00C996E0 /* Double+roundToPlaces.swift in Sources */ = {isa = PBXBuildFile; fileRef = 52929DC428EF443E00C996E0 /* Double+roundToPlaces.swift */; };
		52929DC728EF48D000C996E0 /* AsNeededMGView.swift in Sources */ = {isa = PBXBuildFile; fileRef = 52929DC628EF48D000C996E0 /* AsNeededMGView.swift */; };
		52929DC928EF506200C996E0 /* PlanView.swift in Sources */ = {isa = PBXBuildFile; fileRef = 52929DC828EF506200C996E0 /* PlanView.swift */; };
		5296A1AD2CA252A700A6E3B6 /* LogItem.swift in Sources */ = {isa = PBXBuildFile; fileRef = 5296A1AC2CA252A200A6E3B6 /* LogItem.swift */; };
		5296A1AF2CA26B7E00A6E3B6 /* LogItemDetailView.swift in Sources */ = {isa = PBXBuildFile; fileRef = 5296A1AE2CA26B7600A6E3B6 /* LogItemDetailView.swift */; };
		5296A1BF2CA28DBC00A6E3B6 /* RecommendationEngine.swift in Sources */ = {isa = PBXBuildFile; fileRef = 5296A1BE2CA28DBC00A6E3B6 /* RecommendationEngine.swift */; };
		52A1A69D2B2E012B00AAE095 /* TripView.swift in Sources */ = {isa = PBXBuildFile; fileRef = 52A1A69C2B2E012B00AAE095 /* TripView.swift */; };
		52A28DCE2A6AA839008212BC /* TrendView.swift in Sources */ = {isa = PBXBuildFile; fileRef = 52A28DCD2A6AA839008212BC /* TrendView.swift */; };
		52BB7AEE2CA2CABB0083F80C /* Logbook.swift in Sources */ = {isa = PBXBuildFile; fileRef = 52465906297776EE00B48056 /* Logbook.swift */; };
		52BB7AEF2CA2CACB0083F80C /* LogItem+totalMG.swift in Sources */ = {isa = PBXBuildFile; fileRef = 52796B2D2C3862F6008B6C3D /* LogItem+totalMG.swift */; };
		52BB7AF02CA2CAD90083F80C /* LogItem.swift in Sources */ = {isa = PBXBuildFile; fileRef = 5296A1AC2CA252A200A6E3B6 /* LogItem.swift */; };
		52BB7AF22CA2CAF70083F80C /* Double+roundToPlaces.swift in Sources */ = {isa = PBXBuildFile; fileRef = 52929DC428EF443E00C996E0 /* Double+roundToPlaces.swift */; };
		52BB7AF32CA2CB090083F80C /* TrendAnalyzer.swift in Sources */ = {isa = PBXBuildFile; fileRef = 52FE32EA2A69CA3A009CDD53 /* TrendAnalyzer.swift */; };
		52BB7AF82CA2CD480083F80C /* SwiftDate in Frameworks */ = {isa = PBXBuildFile; productRef = 52BB7AF72CA2CD480083F80C /* SwiftDate */; };
		52E82A7828F06C1F00178977 /* AddOrSubtractQuantityView.swift in Sources */ = {isa = PBXBuildFile; fileRef = 52E82A7728F06C1F00178977 /* AddOrSubtractQuantityView.swift */; };
		52E82A7A28F06FE600178977 /* RefillButtonView.swift in Sources */ = {isa = PBXBuildFile; fileRef = 52E82A7928F06FE600178977 /* RefillButtonView.swift */; };
		52FE32EB2A69CA3A009CDD53 /* TrendAnalyzer.swift in Sources */ = {isa = PBXBuildFile; fileRef = 52FE32EA2A69CA3A009CDD53 /* TrendAnalyzer.swift */; };
/* End PBXBuildFile section */

/* Begin PBXContainerItemProxy section */
		524942E52CA2C9E5004DB0EC /* PBXContainerItemProxy */ = {
			isa = PBXContainerItemProxy;
			containerPortal = 527AFA1A28E26B3400BD575D /* Project object */;
			proxyType = 1;
			remoteGlobalIDString = 524942D92CA2C9E4004DB0EC;
			remoteInfo = "WristAsNeeded Watch App";
		};
/* End PBXContainerItemProxy section */

/* Begin PBXCopyFilesBuildPhase section */
		5263AE312CA2D59F0095D2A0 /* Embed Frameworks */ = {
			isa = PBXCopyFilesBuildPhase;
			buildActionMask = 2147483647;
			dstPath = "";
			dstSubfolderSpec = 10;
			files = (
			);
			name = "Embed Frameworks";
			runOnlyForDeploymentPostprocessing = 0;
		};
		5296A1F02CA2A17B00A6E3B6 /* Embed Watch Content */ = {
			isa = PBXCopyFilesBuildPhase;
			buildActionMask = 2147483647;
			dstPath = "$(CONTENTS_FOLDER_PATH)/Watch";
			dstSubfolderSpec = 16;
			files = (
				524942E72CA2C9E5004DB0EC /* WristAsNeeded Watch App.app in Embed Watch Content */,
			);
			name = "Embed Watch Content";
			runOnlyForDeploymentPostprocessing = 0;
		};
/* End PBXCopyFilesBuildPhase section */

/* Begin PBXFileReference section */
		5235DAEA28E296CA00384C53 /* HeathDataAccessor.swift */ = {isa = PBXFileReference; lastKnownFileType = sourcecode.swift; path = HeathDataAccessor.swift; sourceTree = "<group>"; };
		5235DAEC28E296EC00384C53 /* HealthDataAccessing.swift */ = {isa = PBXFileReference; lastKnownFileType = sourcecode.swift; path = HealthDataAccessing.swift; sourceTree = "<group>"; };
		5235DAEE28E29DB100384C53 /* AsNeeded.entitlements */ = {isa = PBXFileReference; lastKnownFileType = text.plist.entitlements; path = AsNeeded.entitlements; sourceTree = "<group>"; };
		5235DAEF28E29E1A00384C53 /* Info.plist */ = {isa = PBXFileReference; lastKnownFileType = text.plist; path = Info.plist; sourceTree = "<group>"; };
		524658F829774B9700B48056 /* HomeView.swift */ = {isa = PBXFileReference; lastKnownFileType = sourcecode.swift; path = HomeView.swift; sourceTree = "<group>"; };
		5246590029776E9D00B48056 /* DateAndArrayExtensions.swift */ = {isa = PBXFileReference; lastKnownFileType = sourcecode.swift; path = DateAndArrayExtensions.swift; sourceTree = "<group>"; };
		524659022977706300B48056 /* LogView.swift */ = {isa = PBXFileReference; lastKnownFileType = sourcecode.swift; path = LogView.swift; sourceTree = "<group>"; };
		524659042977707000B48056 /* LogButtonView.swift */ = {isa = PBXFileReference; lastKnownFileType = sourcecode.swift; path = LogButtonView.swift; sourceTree = "<group>"; };
		52465906297776EE00B48056 /* Logbook.swift */ = {isa = PBXFileReference; lastKnownFileType = sourcecode.swift; path = Logbook.swift; sourceTree = "<group>"; };
		52465908297778C600B48056 /* LogbookView.swift */ = {isa = PBXFileReference; lastKnownFileType = sourcecode.swift; path = LogbookView.swift; sourceTree = "<group>"; };
		5246590A29777AC100B48056 /* LogEntryRowView.swift */ = {isa = PBXFileReference; lastKnownFileType = sourcecode.swift; path = LogEntryRowView.swift; sourceTree = "<group>"; };
		524942DA2CA2C9E4004DB0EC /* WristAsNeeded Watch App.app */ = {isa = PBXFileReference; explicitFileType = wrapper.application; includeInIndex = 0; path = "WristAsNeeded Watch App.app"; sourceTree = BUILT_PRODUCTS_DIR; };
		5263AE322CA2DD640095D2A0 /* Trajectory.swift */ = {isa = PBXFileReference; lastKnownFileType = sourcecode.swift; path = Trajectory.swift; sourceTree = "<group>"; };
		5263AE352CA2E1B80095D2A0 /* UserData.swift */ = {isa = PBXFileReference; lastKnownFileType = sourcecode.swift; path = UserData.swift; sourceTree = "<group>"; };
		5263AE382CA2E8780095D2A0 /* ExtensionAction.swift */ = {isa = PBXFileReference; lastKnownFileType = sourcecode.swift; path = ExtensionAction.swift; sourceTree = "<group>"; };
		5263AE3B2CA2ED3B0095D2A0 /* WCReceiver.swift */ = {isa = PBXFileReference; lastKnownFileType = sourcecode.swift; path = WCReceiver.swift; sourceTree = "<group>"; };
		5269C6CC2A588F6C004523F8 /* QuickLogButton.swift */ = {isa = PBXFileReference; lastKnownFileType = sourcecode.swift; path = QuickLogButton.swift; sourceTree = "<group>"; };
		5269C6CE2A589ACD004523F8 /* ChartView.swift */ = {isa = PBXFileReference; lastKnownFileType = sourcecode.swift; path = ChartView.swift; sourceTree = "<group>"; };
		52796B262C38593D008B6C3D /* QuickLogOneIntent.swift */ = {isa = PBXFileReference; lastKnownFileType = sourcecode.swift; path = QuickLogOneIntent.swift; sourceTree = "<group>"; };
		52796B282C385C4B008B6C3D /* LogShortcuts.swift */ = {isa = PBXFileReference; lastKnownFileType = sourcecode.swift; path = LogShortcuts.swift; sourceTree = "<group>"; };
		52796B2A2C38622C008B6C3D /* GetTodayCount.swift */ = {isa = PBXFileReference; lastKnownFileType = sourcecode.swift; path = GetTodayCount.swift; sourceTree = "<group>"; };
		52796B2D2C3862F6008B6C3D /* LogItem+totalMG.swift */ = {isa = PBXFileReference; lastKnownFileType = sourcecode.swift; path = "LogItem+totalMG.swift"; sourceTree = "<group>"; };
		527AFA2228E26B3400BD575D /* AsNeeded.app */ = {isa = PBXFileReference; explicitFileType = wrapper.application; includeInIndex = 0; path = AsNeeded.app; sourceTree = BUILT_PRODUCTS_DIR; };
		527AFA2528E26B3400BD575D /* AsNeededApp.swift */ = {isa = PBXFileReference; lastKnownFileType = sourcecode.swift; path = AsNeededApp.swift; sourceTree = "<group>"; };
		527AFA2728E26B3400BD575D /* HealthDataView.swift */ = {isa = PBXFileReference; lastKnownFileType = sourcecode.swift; path = HealthDataView.swift; sourceTree = "<group>"; };
		527AFA2928E26B3600BD575D /* Assets.xcassets */ = {isa = PBXFileReference; lastKnownFileType = folder.assetcatalog; path = Assets.xcassets; sourceTree = "<group>"; };
		527AFA2C28E26B3600BD575D /* Preview Assets.xcassets */ = {isa = PBXFileReference; lastKnownFileType = folder.assetcatalog; path = "Preview Assets.xcassets"; sourceTree = "<group>"; };
		52929D9D28EF24F400C996E0 /* ContentView.swift */ = {isa = PBXFileReference; lastKnownFileType = sourcecode.swift; path = ContentView.swift; sourceTree = "<group>"; };
		52929DA028EF25A600C996E0 /* QuantityView.swift */ = {isa = PBXFileReference; lastKnownFileType = sourcecode.swift; path = QuantityView.swift; sourceTree = "<group>"; };
		52929DA828EF291700C996E0 /* Constants.swift */ = {isa = PBXFileReference; lastKnownFileType = sourcecode.swift; path = Constants.swift; sourceTree = "<group>"; };
		52929DAD28EF29B700C996E0 /* DefaultKeys.swift */ = {isa = PBXFileReference; lastKnownFileType = sourcecode.swift; path = DefaultKeys.swift; sourceTree = "<group>"; };
		52929DB128EF2CE100C996E0 /* AsNeededDatePickerView.swift */ = {isa = PBXFileReference; lastKnownFileType = sourcecode.swift; path = AsNeededDatePickerView.swift; sourceTree = "<group>"; };
		52929DB928EF373A00C996E0 /* Pluralize.swift */ = {isa = PBXFileReference; lastKnownFileType = sourcecode.swift; path = Pluralize.swift; sourceTree = "<group>"; };
		52929DBC28EF391F00C996E0 /* SettingsView.swift */ = {isa = PBXFileReference; lastKnownFileType = sourcecode.swift; path = SettingsView.swift; sourceTree = "<group>"; };
		52929DBE28EF3AD800C996E0 /* DisclaimerView.swift */ = {isa = PBXFileReference; lastKnownFileType = sourcecode.swift; path = DisclaimerView.swift; sourceTree = "<group>"; };
		52929DC028EF407C00C996E0 /* TrajectoryView.swift */ = {isa = PBXFileReference; lastKnownFileType = sourcecode.swift; path = TrajectoryView.swift; sourceTree = "<group>"; };
		52929DC428EF443E00C996E0 /* Double+roundToPlaces.swift */ = {isa = PBXFileReference; lastKnownFileType = sourcecode.swift; path = "Double+roundToPlaces.swift"; sourceTree = "<group>"; };
		52929DC628EF48D000C996E0 /* AsNeededMGView.swift */ = {isa = PBXFileReference; lastKnownFileType = sourcecode.swift; path = AsNeededMGView.swift; sourceTree = "<group>"; };
		52929DC828EF506200C996E0 /* PlanView.swift */ = {isa = PBXFileReference; lastKnownFileType = sourcecode.swift; path = PlanView.swift; sourceTree = "<group>"; };
		5296A1AC2CA252A200A6E3B6 /* LogItem.swift */ = {isa = PBXFileReference; lastKnownFileType = sourcecode.swift; path = LogItem.swift; sourceTree = "<group>"; };
		5296A1AE2CA26B7600A6E3B6 /* LogItemDetailView.swift */ = {isa = PBXFileReference; lastKnownFileType = sourcecode.swift; path = LogItemDetailView.swift; sourceTree = "<group>"; };
		5296A1BE2CA28DBC00A6E3B6 /* RecommendationEngine.swift */ = {isa = PBXFileReference; lastKnownFileType = sourcecode.swift; path = RecommendationEngine.swift; sourceTree = "<group>"; };
		52A1A69C2B2E012B00AAE095 /* TripView.swift */ = {isa = PBXFileReference; lastKnownFileType = sourcecode.swift; path = TripView.swift; sourceTree = "<group>"; };
		52A28DCD2A6AA839008212BC /* TrendView.swift */ = {isa = PBXFileReference; lastKnownFileType = sourcecode.swift; path = TrendView.swift; sourceTree = "<group>"; };
		52E82A7728F06C1F00178977 /* AddOrSubtractQuantityView.swift */ = {isa = PBXFileReference; lastKnownFileType = sourcecode.swift; path = AddOrSubtractQuantityView.swift; sourceTree = "<group>"; };
		52E82A7928F06FE600178977 /* RefillButtonView.swift */ = {isa = PBXFileReference; lastKnownFileType = sourcecode.swift; path = RefillButtonView.swift; sourceTree = "<group>"; };
		52FE32EA2A69CA3A009CDD53 /* TrendAnalyzer.swift */ = {isa = PBXFileReference; lastKnownFileType = sourcecode.swift; path = TrendAnalyzer.swift; sourceTree = "<group>"; };
/* End PBXFileReference section */

/* Begin PBXFileSystemSynchronizedRootGroup section */
		524942DB2CA2C9E4004DB0EC /* WristAsNeeded Watch App */ = {isa = PBXFileSystemSynchronizedRootGroup; explicitFileTypes = {}; explicitFolders = (); path = "WristAsNeeded Watch App"; sourceTree = "<group>"; };
/* End PBXFileSystemSynchronizedRootGroup section */

/* Begin PBXFrameworksBuildPhase section */
		524942D72CA2C9E4004DB0EC /* Frameworks */ = {
			isa = PBXFrameworksBuildPhase;
			buildActionMask = 2147483647;
			files = (
				52BB7AF82CA2CD480083F80C /* SwiftDate in Frameworks */,
			);
			runOnlyForDeploymentPostprocessing = 0;
		};
		527AFA1F28E26B3400BD575D /* Frameworks */ = {
			isa = PBXFrameworksBuildPhase;
			buildActionMask = 2147483647;
			files = (
				52929DA628EF270100C996E0 /* SFSafeSymbols in Frameworks */,
				52929DAC28EF29A500C996E0 /* SwiftyUserDefaults in Frameworks */,
				527326D32CA2C75300B87497 /* SwiftDate in Frameworks */,
			);
			runOnlyForDeploymentPostprocessing = 0;
		};
/* End PBXFrameworksBuildPhase section */

/* Begin PBXGroup section */
		524942CB2CA2C999004DB0EC /* Recovered References */ = {
			isa = PBXGroup;
			children = (
			);
			name = "Recovered References";
			sourceTree = "<group>";
		};
		52796B252C385929008B6C3D /* Intents */ = {
			isa = PBXGroup;
			children = (
				52796B262C38593D008B6C3D /* QuickLogOneIntent.swift */,
				52796B282C385C4B008B6C3D /* LogShortcuts.swift */,
				52796B2A2C38622C008B6C3D /* GetTodayCount.swift */,
			);
			path = Intents;
			sourceTree = "<group>";
		};
		52796B2C2C3862E6008B6C3D /* LogEntryExtensions */ = {
			isa = PBXGroup;
			children = (
				52796B2D2C3862F6008B6C3D /* LogItem+totalMG.swift */,
			);
			path = LogEntryExtensions;
			sourceTree = "<group>";
		};
		527AFA1928E26B3400BD575D = {
			isa = PBXGroup;
			children = (
				527AFA2428E26B3400BD575D /* AsNeeded */,
				524942DB2CA2C9E4004DB0EC /* WristAsNeeded Watch App */,
				527AFA2328E26B3400BD575D /* Products */,
				52A28DC82A69CE7F008212BC /* Frameworks */,
				524942CB2CA2C999004DB0EC /* Recovered References */,
			);
			sourceTree = "<group>";
		};
		527AFA2328E26B3400BD575D /* Products */ = {
			isa = PBXGroup;
			children = (
				527AFA2228E26B3400BD575D /* AsNeeded.app */,
				524942DA2CA2C9E4004DB0EC /* WristAsNeeded Watch App.app */,
			);
			name = Products;
			sourceTree = "<group>";
		};
		527AFA2428E26B3400BD575D /* AsNeeded */ = {
			isa = PBXGroup;
			children = (
				52796B252C385929008B6C3D /* Intents */,
				52929DC228EF442C00C996E0 /* Extensions */,
				5235DAEF28E29E1A00384C53 /* Info.plist */,
				5235DAEE28E29DB100384C53 /* AsNeeded.entitlements */,
				52D0DF0B28E26F3B00962C13 /* Logic */,
				52D0DF0A28E26F3600962C13 /* Models */,
				52D0DF0928E26F3100962C13 /* Views */,
				527AFA2528E26B3400BD575D /* AsNeededApp.swift */,
				527AFA2928E26B3600BD575D /* Assets.xcassets */,
				527AFA2B28E26B3600BD575D /* Preview Content */,
			);
			path = AsNeeded;
			sourceTree = "<group>";
		};
		527AFA2B28E26B3600BD575D /* Preview Content */ = {
			isa = PBXGroup;
			children = (
				527AFA2C28E26B3600BD575D /* Preview Assets.xcassets */,
			);
			path = "Preview Content";
			sourceTree = "<group>";
		};
		52929D9F28EF259500C996E0 /* Components */ = {
			isa = PBXGroup;
			children = (
				52929DA028EF25A600C996E0 /* QuantityView.swift */,
				52929DB128EF2CE100C996E0 /* AsNeededDatePickerView.swift */,
				52929DBE28EF3AD800C996E0 /* DisclaimerView.swift */,
				52929DC028EF407C00C996E0 /* TrajectoryView.swift */,
				52929DC628EF48D000C996E0 /* AsNeededMGView.swift */,
				52E82A7928F06FE600178977 /* RefillButtonView.swift */,
				524659042977707000B48056 /* LogButtonView.swift */,
				5246590A29777AC100B48056 /* LogEntryRowView.swift */,
				5269C6CC2A588F6C004523F8 /* QuickLogButton.swift */,
				52A28DCD2A6AA839008212BC /* TrendView.swift */,
			);
			path = Components;
			sourceTree = "<group>";
		};
		52929DBB28EF391100C996E0 /* Screens */ = {
			isa = PBXGroup;
			children = (
				5296A1AE2CA26B7600A6E3B6 /* LogItemDetailView.swift */,
				52929DBC28EF391F00C996E0 /* SettingsView.swift */,
				52929DC828EF506200C996E0 /* PlanView.swift */,
				52E82A7728F06C1F00178977 /* AddOrSubtractQuantityView.swift */,
				524658F829774B9700B48056 /* HomeView.swift */,
				524659022977706300B48056 /* LogView.swift */,
				52465908297778C600B48056 /* LogbookView.swift */,
				5269C6CE2A589ACD004523F8 /* ChartView.swift */,
				52A1A69C2B2E012B00AAE095 /* TripView.swift */,
			);
			path = Screens;
			sourceTree = "<group>";
		};
		52929DC228EF442C00C996E0 /* Extensions */ = {
			isa = PBXGroup;
			children = (
				52796B2C2C3862E6008B6C3D /* LogEntryExtensions */,
				52929DC328EF443100C996E0 /* DoubleExtensions */,
			);
			path = Extensions;
			sourceTree = "<group>";
		};
		52929DC328EF443100C996E0 /* DoubleExtensions */ = {
			isa = PBXGroup;
			children = (
				52929DC428EF443E00C996E0 /* Double+roundToPlaces.swift */,
			);
			path = DoubleExtensions;
			sourceTree = "<group>";
		};
		52A28DC82A69CE7F008212BC /* Frameworks */ = {
			isa = PBXGroup;
			children = (
			);
			name = Frameworks;
			sourceTree = "<group>";
		};
		52D0DF0928E26F3100962C13 /* Views */ = {
			isa = PBXGroup;
			children = (
				52929DBB28EF391100C996E0 /* Screens */,
				52929D9F28EF259500C996E0 /* Components */,
				527AFA2728E26B3400BD575D /* HealthDataView.swift */,
				52929D9D28EF24F400C996E0 /* ContentView.swift */,
			);
			path = Views;
			sourceTree = "<group>";
		};
		52D0DF0A28E26F3600962C13 /* Models */ = {
			isa = PBXGroup;
			children = (
				5263AE3B2CA2ED3B0095D2A0 /* WCReceiver.swift */,
				5263AE382CA2E8780095D2A0 /* ExtensionAction.swift */,
				5263AE352CA2E1B80095D2A0 /* UserData.swift */,
				5263AE322CA2DD640095D2A0 /* Trajectory.swift */,
				5296A1AC2CA252A200A6E3B6 /* LogItem.swift */,
				52929DA828EF291700C996E0 /* Constants.swift */,
				52929DAD28EF29B700C996E0 /* DefaultKeys.swift */,
				5246590029776E9D00B48056 /* DateAndArrayExtensions.swift */,
				52465906297776EE00B48056 /* Logbook.swift */,
			);
			path = Models;
			sourceTree = "<group>";
		};
		52D0DF0B28E26F3B00962C13 /* Logic */ = {
			isa = PBXGroup;
			children = (
				5235DAEA28E296CA00384C53 /* HeathDataAccessor.swift */,
				5235DAEC28E296EC00384C53 /* HealthDataAccessing.swift */,
				52929DB928EF373A00C996E0 /* Pluralize.swift */,
				5296A1BE2CA28DBC00A6E3B6 /* RecommendationEngine.swift */,
				52FE32EA2A69CA3A009CDD53 /* TrendAnalyzer.swift */,
			);
			path = Logic;
			sourceTree = "<group>";
		};
/* End PBXGroup section */

/* Begin PBXNativeTarget section */
		524942D92CA2C9E4004DB0EC /* WristAsNeeded Watch App */ = {
			isa = PBXNativeTarget;
			buildConfigurationList = 524942E82CA2C9E5004DB0EC /* Build configuration list for PBXNativeTarget "WristAsNeeded Watch App" */;
			buildPhases = (
				524942D62CA2C9E4004DB0EC /* Sources */,
				524942D72CA2C9E4004DB0EC /* Frameworks */,
				524942D82CA2C9E4004DB0EC /* Resources */,
			);
			buildRules = (
			);
			dependencies = (
			);
			fileSystemSynchronizedGroups = (
				524942DB2CA2C9E4004DB0EC /* WristAsNeeded Watch App */,
			);
			name = "WristAsNeeded Watch App";
			packageProductDependencies = (
				52BB7AF72CA2CD480083F80C /* SwiftDate */,
			);
			productName = "WristAsNeeded Watch App";
			productReference = 524942DA2CA2C9E4004DB0EC /* WristAsNeeded Watch App.app */;
			productType = "com.apple.product-type.application";
		};
		527AFA2128E26B3400BD575D /* AsNeeded */ = {
			isa = PBXNativeTarget;
			buildConfigurationList = 527AFA4628E26B3600BD575D /* Build configuration list for PBXNativeTarget "AsNeeded" */;
			buildPhases = (
				527AFA1E28E26B3400BD575D /* Sources */,
				527AFA1F28E26B3400BD575D /* Frameworks */,
				527AFA2028E26B3400BD575D /* Resources */,
				5296A1F02CA2A17B00A6E3B6 /* Embed Watch Content */,
				5263AE312CA2D59F0095D2A0 /* Embed Frameworks */,
			);
			buildRules = (
			);
			dependencies = (
				524942E62CA2C9E5004DB0EC /* PBXTargetDependency */,
			);
			name = AsNeeded;
			packageProductDependencies = (
				52929DA528EF270100C996E0 /* SFSafeSymbols */,
				52929DAB28EF29A500C996E0 /* SwiftyUserDefaults */,
				527326D22CA2C75300B87497 /* SwiftDate */,
			);
			productName = AsNeeded;
			productReference = 527AFA2228E26B3400BD575D /* AsNeeded.app */;
			productType = "com.apple.product-type.application";
		};
/* End PBXNativeTarget section */

/* Begin PBXProject section */
		527AFA1A28E26B3400BD575D /* Project object */ = {
			isa = PBXProject;
			attributes = {
				BuildIndependentTargetsInParallel = 1;
				LastSwiftUpdateCheck = 1600;
				LastUpgradeCheck = 1500;
				TargetAttributes = {
					524942D92CA2C9E4004DB0EC = {
						CreatedOnToolsVersion = 16.0;
					};
					527AFA2128E26B3400BD575D = {
						CreatedOnToolsVersion = 14.0;
					};
				};
			};
			buildConfigurationList = 527AFA1D28E26B3400BD575D /* Build configuration list for PBXProject "AsNeeded" */;
			compatibilityVersion = "Xcode 14.0";
			developmentRegion = en;
			hasScannedForEncodings = 0;
			knownRegions = (
				en,
				Base,
			);
			mainGroup = 527AFA1928E26B3400BD575D;
			packageReferences = (
				52929DA428EF270100C996E0 /* XCRemoteSwiftPackageReference "SFSafeSymbols" */,
				52929DAA28EF29A500C996E0 /* XCRemoteSwiftPackageReference "SwiftyUserDefaults" */,
				527326D12CA2C75300B87497 /* XCRemoteSwiftPackageReference "SwiftDate" */,
			);
			productRefGroup = 527AFA2328E26B3400BD575D /* Products */;
			projectDirPath = "";
			projectRoot = "";
			targets = (
				527AFA2128E26B3400BD575D /* AsNeeded */,
				524942D92CA2C9E4004DB0EC /* WristAsNeeded Watch App */,
			);
		};
/* End PBXProject section */

/* Begin PBXResourcesBuildPhase section */
		524942D82CA2C9E4004DB0EC /* Resources */ = {
			isa = PBXResourcesBuildPhase;
			buildActionMask = 2147483647;
			files = (
			);
			runOnlyForDeploymentPostprocessing = 0;
		};
		527AFA2028E26B3400BD575D /* Resources */ = {
			isa = PBXResourcesBuildPhase;
			buildActionMask = 2147483647;
			files = (
				527AFA2D28E26B3600BD575D /* Preview Assets.xcassets in Resources */,
				527AFA2A28E26B3600BD575D /* Assets.xcassets in Resources */,
			);
			runOnlyForDeploymentPostprocessing = 0;
		};
/* End PBXResourcesBuildPhase section */

/* Begin PBXSourcesBuildPhase section */
		524942D62CA2C9E4004DB0EC /* Sources */ = {
			isa = PBXSourcesBuildPhase;
			buildActionMask = 2147483647;
			files = (
				52BB7AF22CA2CAF70083F80C /* Double+roundToPlaces.swift in Sources */,
				52BB7AF32CA2CB090083F80C /* TrendAnalyzer.swift in Sources */,
				52BB7AF02CA2CAD90083F80C /* LogItem.swift in Sources */,
				5263AE332CA2DD640095D2A0 /* Trajectory.swift in Sources */,
				52BB7AEF2CA2CACB0083F80C /* LogItem+totalMG.swift in Sources */,
				5263AE3A2CA2E87D0095D2A0 /* ExtensionAction.swift in Sources */,
				5263AE362CA2E1B80095D2A0 /* UserData.swift in Sources */,
				52BB7AEE2CA2CABB0083F80C /* Logbook.swift in Sources */,
			);
			runOnlyForDeploymentPostprocessing = 0;
		};
		527AFA1E28E26B3400BD575D /* Sources */ = {
			isa = PBXSourcesBuildPhase;
			buildActionMask = 2147483647;
			files = (
				52E82A7828F06C1F00178977 /* AddOrSubtractQuantityView.swift in Sources */,
				5235DAED28E296EC00384C53 /* HealthDataAccessing.swift in Sources */,
				52A28DCE2A6AA839008212BC /* TrendView.swift in Sources */,
				5263AE3C2CA2ED3B0095D2A0 /* WCReceiver.swift in Sources */,
				52929DC728EF48D000C996E0 /* AsNeededMGView.swift in Sources */,
				5246590B29777AC100B48056 /* LogEntryRowView.swift in Sources */,
				52929D9E28EF24F400C996E0 /* ContentView.swift in Sources */,
				5246590129776E9D00B48056 /* DateAndArrayExtensions.swift in Sources */,
				524658F929774B9700B48056 /* HomeView.swift in Sources */,
				52796B292C385C4B008B6C3D /* LogShortcuts.swift in Sources */,
				52929DBF28EF3AD800C996E0 /* DisclaimerView.swift in Sources */,
				5235DAEB28E296CA00384C53 /* HeathDataAccessor.swift in Sources */,
				52929DA128EF25A600C996E0 /* QuantityView.swift in Sources */,
				5296A1BF2CA28DBC00A6E3B6 /* RecommendationEngine.swift in Sources */,
				52929DB228EF2CE100C996E0 /* AsNeededDatePickerView.swift in Sources */,
				52929DC128EF407C00C996E0 /* TrajectoryView.swift in Sources */,
				52929DBA28EF373A00C996E0 /* Pluralize.swift in Sources */,
				524659032977706300B48056 /* LogView.swift in Sources */,
				52796B2E2C3862F6008B6C3D /* LogItem+totalMG.swift in Sources */,
				5263AE372CA2E1B80095D2A0 /* UserData.swift in Sources */,
				524659052977707000B48056 /* LogButtonView.swift in Sources */,
				5263AE392CA2E87D0095D2A0 /* ExtensionAction.swift in Sources */,
				52465907297776EE00B48056 /* Logbook.swift in Sources */,
				52A1A69D2B2E012B00AAE095 /* TripView.swift in Sources */,
				52796B2B2C38622C008B6C3D /* GetTodayCount.swift in Sources */,
				52796B272C38593D008B6C3D /* QuickLogOneIntent.swift in Sources */,
				5263AE342CA2DD640095D2A0 /* Trajectory.swift in Sources */,
				52929DAE28EF29B700C996E0 /* DefaultKeys.swift in Sources */,
				52929DC928EF506200C996E0 /* PlanView.swift in Sources */,
				527AFA2828E26B3400BD575D /* HealthDataView.swift in Sources */,
				527AFA2628E26B3400BD575D /* AsNeededApp.swift in Sources */,
				5269C6CD2A588F6C004523F8 /* QuickLogButton.swift in Sources */,
				5269C6CF2A589ACD004523F8 /* ChartView.swift in Sources */,
				52929DA928EF291700C996E0 /* Constants.swift in Sources */,
				5296A1AF2CA26B7E00A6E3B6 /* LogItemDetailView.swift in Sources */,
				5296A1AD2CA252A700A6E3B6 /* LogItem.swift in Sources */,
				52929DC528EF443E00C996E0 /* Double+roundToPlaces.swift in Sources */,
				52E82A7A28F06FE600178977 /* RefillButtonView.swift in Sources */,
				52465909297778C600B48056 /* LogbookView.swift in Sources */,
				52929DBD28EF391F00C996E0 /* SettingsView.swift in Sources */,
				52FE32EB2A69CA3A009CDD53 /* TrendAnalyzer.swift in Sources */,
			);
			runOnlyForDeploymentPostprocessing = 0;
		};
/* End PBXSourcesBuildPhase section */

/* Begin PBXTargetDependency section */
		524942E62CA2C9E5004DB0EC /* PBXTargetDependency */ = {
			isa = PBXTargetDependency;
			target = 524942D92CA2C9E4004DB0EC /* WristAsNeeded Watch App */;
			targetProxy = 524942E52CA2C9E5004DB0EC /* PBXContainerItemProxy */;
		};
/* End PBXTargetDependency section */

/* Begin XCBuildConfiguration section */
		524942E92CA2C9E5004DB0EC /* Debug */ = {
			isa = XCBuildConfiguration;
			buildSettings = {
				ASSETCATALOG_COMPILER_APPICON_NAME = AppIcon;
				ASSETCATALOG_COMPILER_GLOBAL_ACCENT_COLOR_NAME = AccentColor;
				ASSETCATALOG_COMPILER_INCLUDE_ALL_APPICON_ASSETS = YES;
				CODE_SIGN_ENTITLEMENTS = "WristAsNeeded Watch App/WristAsNeeded Watch App.entitlements";
				CODE_SIGN_STYLE = Automatic;
				CURRENT_PROJECT_VERSION = 1;
				DEVELOPMENT_ASSET_PATHS = "\"WristAsNeeded Watch App/Preview Content\"";
				DEVELOPMENT_TEAM = WRJ8J85K4Q;
				ENABLE_PREVIEWS = YES;
				ENABLE_USER_SCRIPT_SANDBOXING = YES;
				GCC_C_LANGUAGE_STANDARD = gnu17;
				GENERATE_INFOPLIST_FILE = YES;
				INFOPLIST_FILE = "WristAsNeeded-Watch-App-Info.plist";
				INFOPLIST_KEY_CFBundleDisplayName = WristAsNeeded;
				INFOPLIST_KEY_UISupportedInterfaceOrientations = "UIInterfaceOrientationPortrait UIInterfaceOrientationPortraitUpsideDown";
				INFOPLIST_KEY_WKCompanionAppBundleIdentifier = com.codedbydan.AsNeeded;
				INFOPLIST_KEY_WKRunsIndependentlyOfCompanionApp = YES;
				LD_RUNPATH_SEARCH_PATHS = (
					"$(inherited)",
					"@executable_path/Frameworks",
				);
				LOCALIZATION_PREFERS_STRING_CATALOGS = YES;
				MARKETING_VERSION = 0.1;
				PRODUCT_BUNDLE_IDENTIFIER = com.codedbydan.AsNeeded.watchkitapp;
				PRODUCT_NAME = "$(TARGET_NAME)";
				SDKROOT = watchos;
				SKIP_INSTALL = YES;
				SWIFT_ACTIVE_COMPILATION_CONDITIONS = "DEBUG $(inherited)";
				SWIFT_EMIT_LOC_STRINGS = YES;
				SWIFT_VERSION = 5.0;
				TARGETED_DEVICE_FAMILY = 4;
				WATCHOS_DEPLOYMENT_TARGET = 11.0;
			};
			name = Debug;
		};
		524942EA2CA2C9E5004DB0EC /* Release */ = {
			isa = XCBuildConfiguration;
			buildSettings = {
				ASSETCATALOG_COMPILER_APPICON_NAME = AppIcon;
				ASSETCATALOG_COMPILER_GLOBAL_ACCENT_COLOR_NAME = AccentColor;
				ASSETCATALOG_COMPILER_INCLUDE_ALL_APPICON_ASSETS = YES;
				CODE_SIGN_ENTITLEMENTS = "WristAsNeeded Watch App/WristAsNeeded Watch App.entitlements";
				CODE_SIGN_STYLE = Automatic;
				CURRENT_PROJECT_VERSION = 1;
				DEVELOPMENT_ASSET_PATHS = "\"WristAsNeeded Watch App/Preview Content\"";
				DEVELOPMENT_TEAM = WRJ8J85K4Q;
				ENABLE_PREVIEWS = YES;
				ENABLE_USER_SCRIPT_SANDBOXING = YES;
				GCC_C_LANGUAGE_STANDARD = gnu17;
				GENERATE_INFOPLIST_FILE = YES;
				INFOPLIST_FILE = "WristAsNeeded-Watch-App-Info.plist";
				INFOPLIST_KEY_CFBundleDisplayName = WristAsNeeded;
				INFOPLIST_KEY_UISupportedInterfaceOrientations = "UIInterfaceOrientationPortrait UIInterfaceOrientationPortraitUpsideDown";
				INFOPLIST_KEY_WKCompanionAppBundleIdentifier = com.codedbydan.AsNeeded;
				INFOPLIST_KEY_WKRunsIndependentlyOfCompanionApp = YES;
				LD_RUNPATH_SEARCH_PATHS = (
					"$(inherited)",
					"@executable_path/Frameworks",
				);
				LOCALIZATION_PREFERS_STRING_CATALOGS = YES;
				MARKETING_VERSION = 0.1;
				PRODUCT_BUNDLE_IDENTIFIER = com.codedbydan.AsNeeded.watchkitapp;
				PRODUCT_NAME = "$(TARGET_NAME)";
				SDKROOT = watchos;
				SKIP_INSTALL = YES;
				SWIFT_EMIT_LOC_STRINGS = YES;
				SWIFT_VERSION = 5.0;
				TARGETED_DEVICE_FAMILY = 4;
				WATCHOS_DEPLOYMENT_TARGET = 11.0;
			};
			name = Release;
		};
		527AFA4428E26B3600BD575D /* Debug */ = {
			isa = XCBuildConfiguration;
			buildSettings = {
				ALWAYS_SEARCH_USER_PATHS = NO;
				ASSETCATALOG_COMPILER_GENERATE_SWIFT_ASSET_SYMBOL_EXTENSIONS = YES;
				CLANG_ANALYZER_NONNULL = YES;
				CLANG_ANALYZER_NUMBER_OBJECT_CONVERSION = YES_AGGRESSIVE;
				CLANG_CXX_LANGUAGE_STANDARD = "gnu++20";
				CLANG_ENABLE_MODULES = YES;
				CLANG_ENABLE_OBJC_ARC = YES;
				CLANG_ENABLE_OBJC_WEAK = YES;
				CLANG_WARN_BLOCK_CAPTURE_AUTORELEASING = YES;
				CLANG_WARN_BOOL_CONVERSION = YES;
				CLANG_WARN_COMMA = YES;
				CLANG_WARN_CONSTANT_CONVERSION = YES;
				CLANG_WARN_DEPRECATED_OBJC_IMPLEMENTATIONS = YES;
				CLANG_WARN_DIRECT_OBJC_ISA_USAGE = YES_ERROR;
				CLANG_WARN_DOCUMENTATION_COMMENTS = YES;
				CLANG_WARN_EMPTY_BODY = YES;
				CLANG_WARN_ENUM_CONVERSION = YES;
				CLANG_WARN_INFINITE_RECURSION = YES;
				CLANG_WARN_INT_CONVERSION = YES;
				CLANG_WARN_NON_LITERAL_NULL_CONVERSION = YES;
				CLANG_WARN_OBJC_IMPLICIT_RETAIN_SELF = YES;
				CLANG_WARN_OBJC_LITERAL_CONVERSION = YES;
				CLANG_WARN_OBJC_ROOT_CLASS = YES_ERROR;
				CLANG_WARN_QUOTED_INCLUDE_IN_FRAMEWORK_HEADER = YES;
				CLANG_WARN_RANGE_LOOP_ANALYSIS = YES;
				CLANG_WARN_STRICT_PROTOTYPES = YES;
				CLANG_WARN_SUSPICIOUS_MOVE = YES;
				CLANG_WARN_UNGUARDED_AVAILABILITY = YES_AGGRESSIVE;
				CLANG_WARN_UNREACHABLE_CODE = YES;
				CLANG_WARN__DUPLICATE_METHOD_MATCH = YES;
				COPY_PHASE_STRIP = NO;
				DEBUG_INFORMATION_FORMAT = dwarf;
				ENABLE_STRICT_OBJC_MSGSEND = YES;
				ENABLE_TESTABILITY = YES;
				GCC_C_LANGUAGE_STANDARD = gnu11;
				GCC_DYNAMIC_NO_PIC = NO;
				GCC_NO_COMMON_BLOCKS = YES;
				GCC_OPTIMIZATION_LEVEL = 0;
				GCC_PREPROCESSOR_DEFINITIONS = (
					"DEBUG=1",
					"$(inherited)",
				);
				GCC_WARN_64_TO_32_BIT_CONVERSION = YES;
				GCC_WARN_ABOUT_RETURN_TYPE = YES_ERROR;
				GCC_WARN_UNDECLARED_SELECTOR = YES;
				GCC_WARN_UNINITIALIZED_AUTOS = YES_AGGRESSIVE;
				GCC_WARN_UNUSED_FUNCTION = YES;
				GCC_WARN_UNUSED_VARIABLE = YES;
				IPHONEOS_DEPLOYMENT_TARGET = 17.0;
				MTL_ENABLE_DEBUG_INFO = INCLUDE_SOURCE;
				MTL_FAST_MATH = YES;
				ONLY_ACTIVE_ARCH = YES;
				SDKROOT = iphoneos;
				SWIFT_ACTIVE_COMPILATION_CONDITIONS = DEBUG;
				SWIFT_OPTIMIZATION_LEVEL = "-Onone";
			};
			name = Debug;
		};
		527AFA4528E26B3600BD575D /* Release */ = {
			isa = XCBuildConfiguration;
			buildSettings = {
				ALWAYS_SEARCH_USER_PATHS = NO;
				ASSETCATALOG_COMPILER_GENERATE_SWIFT_ASSET_SYMBOL_EXTENSIONS = YES;
				CLANG_ANALYZER_NONNULL = YES;
				CLANG_ANALYZER_NUMBER_OBJECT_CONVERSION = YES_AGGRESSIVE;
				CLANG_CXX_LANGUAGE_STANDARD = "gnu++20";
				CLANG_ENABLE_MODULES = YES;
				CLANG_ENABLE_OBJC_ARC = YES;
				CLANG_ENABLE_OBJC_WEAK = YES;
				CLANG_WARN_BLOCK_CAPTURE_AUTORELEASING = YES;
				CLANG_WARN_BOOL_CONVERSION = YES;
				CLANG_WARN_COMMA = YES;
				CLANG_WARN_CONSTANT_CONVERSION = YES;
				CLANG_WARN_DEPRECATED_OBJC_IMPLEMENTATIONS = YES;
				CLANG_WARN_DIRECT_OBJC_ISA_USAGE = YES_ERROR;
				CLANG_WARN_DOCUMENTATION_COMMENTS = YES;
				CLANG_WARN_EMPTY_BODY = YES;
				CLANG_WARN_ENUM_CONVERSION = YES;
				CLANG_WARN_INFINITE_RECURSION = YES;
				CLANG_WARN_INT_CONVERSION = YES;
				CLANG_WARN_NON_LITERAL_NULL_CONVERSION = YES;
				CLANG_WARN_OBJC_IMPLICIT_RETAIN_SELF = YES;
				CLANG_WARN_OBJC_LITERAL_CONVERSION = YES;
				CLANG_WARN_OBJC_ROOT_CLASS = YES_ERROR;
				CLANG_WARN_QUOTED_INCLUDE_IN_FRAMEWORK_HEADER = YES;
				CLANG_WARN_RANGE_LOOP_ANALYSIS = YES;
				CLANG_WARN_STRICT_PROTOTYPES = YES;
				CLANG_WARN_SUSPICIOUS_MOVE = YES;
				CLANG_WARN_UNGUARDED_AVAILABILITY = YES_AGGRESSIVE;
				CLANG_WARN_UNREACHABLE_CODE = YES;
				CLANG_WARN__DUPLICATE_METHOD_MATCH = YES;
				COPY_PHASE_STRIP = NO;
				DEBUG_INFORMATION_FORMAT = "dwarf-with-dsym";
				ENABLE_NS_ASSERTIONS = NO;
				ENABLE_STRICT_OBJC_MSGSEND = YES;
				GCC_C_LANGUAGE_STANDARD = gnu11;
				GCC_NO_COMMON_BLOCKS = YES;
				GCC_WARN_64_TO_32_BIT_CONVERSION = YES;
				GCC_WARN_ABOUT_RETURN_TYPE = YES_ERROR;
				GCC_WARN_UNDECLARED_SELECTOR = YES;
				GCC_WARN_UNINITIALIZED_AUTOS = YES_AGGRESSIVE;
				GCC_WARN_UNUSED_FUNCTION = YES;
				GCC_WARN_UNUSED_VARIABLE = YES;
				IPHONEOS_DEPLOYMENT_TARGET = 17.0;
				MTL_ENABLE_DEBUG_INFO = NO;
				MTL_FAST_MATH = YES;
				SDKROOT = iphoneos;
				SWIFT_COMPILATION_MODE = wholemodule;
				SWIFT_OPTIMIZATION_LEVEL = "-O";
				VALIDATE_PRODUCT = YES;
			};
			name = Release;
		};
		527AFA4728E26B3600BD575D /* Debug */ = {
			isa = XCBuildConfiguration;
			buildSettings = {
				ASSETCATALOG_COMPILER_APPICON_NAME = AppIcon;
				ASSETCATALOG_COMPILER_GLOBAL_ACCENT_COLOR_NAME = AccentColor;
				CODE_SIGN_ENTITLEMENTS = AsNeeded/AsNeeded.entitlements;
				CODE_SIGN_STYLE = Automatic;
				CURRENT_PROJECT_VERSION = 1;
				DEVELOPMENT_ASSET_PATHS = "\"AsNeeded/Preview Content\"";
				DEVELOPMENT_TEAM = WRJ8J85K4Q;
				ENABLE_PREVIEWS = YES;
				GENERATE_INFOPLIST_FILE = YES;
				INFOPLIST_FILE = AsNeeded/Info.plist;
				INFOPLIST_KEY_NSHealthClinicalHealthRecordsShareUsageDescription = "This app reads your medications to perform insights and inform you of how to take your as needed medication";
				INFOPLIST_KEY_NSHealthShareUsageDescription = "This app reads your medications to perform insights and inform you of how to take your as needed medication";
				INFOPLIST_KEY_UIApplicationSceneManifest_Generation = YES;
				INFOPLIST_KEY_UIApplicationSupportsIndirectInputEvents = YES;
				INFOPLIST_KEY_UILaunchScreen_Generation = YES;
				INFOPLIST_KEY_UISupportedInterfaceOrientations_iPad = "UIInterfaceOrientationPortrait UIInterfaceOrientationPortraitUpsideDown UIInterfaceOrientationLandscapeLeft UIInterfaceOrientationLandscapeRight";
				INFOPLIST_KEY_UISupportedInterfaceOrientations_iPhone = "UIInterfaceOrientationPortrait UIInterfaceOrientationLandscapeLeft UIInterfaceOrientationLandscapeRight";
				IPHONEOS_DEPLOYMENT_TARGET = 18.0;
				LD_RUNPATH_SEARCH_PATHS = (
					"$(inherited)",
					"@executable_path/Frameworks",
				);
				MARKETING_VERSION = 0.1;
				PRODUCT_BUNDLE_IDENTIFIER = com.codedbydan.AsNeeded;
				PRODUCT_NAME = "$(TARGET_NAME)";
				SWIFT_EMIT_LOC_STRINGS = YES;
				SWIFT_VERSION = 5.0;
				TARGETED_DEVICE_FAMILY = "1,2";
				_EXPERIMENTAL_SWIFT_EXPLICIT_MODULES = YES;
			};
			name = Debug;
		};
		527AFA4828E26B3600BD575D /* Release */ = {
			isa = XCBuildConfiguration;
			buildSettings = {
				ASSETCATALOG_COMPILER_APPICON_NAME = AppIcon;
				ASSETCATALOG_COMPILER_GLOBAL_ACCENT_COLOR_NAME = AccentColor;
				CODE_SIGN_ENTITLEMENTS = AsNeeded/AsNeeded.entitlements;
				CODE_SIGN_STYLE = Automatic;
				CURRENT_PROJECT_VERSION = 1;
				DEVELOPMENT_ASSET_PATHS = "\"AsNeeded/Preview Content\"";
				DEVELOPMENT_TEAM = WRJ8J85K4Q;
				ENABLE_PREVIEWS = YES;
				GENERATE_INFOPLIST_FILE = YES;
				INFOPLIST_FILE = AsNeeded/Info.plist;
				INFOPLIST_KEY_NSHealthClinicalHealthRecordsShareUsageDescription = "This app reads your medications to perform insights and inform you of how to take your as needed medication";
				INFOPLIST_KEY_NSHealthShareUsageDescription = "This app reads your medications to perform insights and inform you of how to take your as needed medication";
				INFOPLIST_KEY_UIApplicationSceneManifest_Generation = YES;
				INFOPLIST_KEY_UIApplicationSupportsIndirectInputEvents = YES;
				INFOPLIST_KEY_UILaunchScreen_Generation = YES;
				INFOPLIST_KEY_UISupportedInterfaceOrientations_iPad = "UIInterfaceOrientationPortrait UIInterfaceOrientationPortraitUpsideDown UIInterfaceOrientationLandscapeLeft UIInterfaceOrientationLandscapeRight";
				INFOPLIST_KEY_UISupportedInterfaceOrientations_iPhone = "UIInterfaceOrientationPortrait UIInterfaceOrientationLandscapeLeft UIInterfaceOrientationLandscapeRight";
				IPHONEOS_DEPLOYMENT_TARGET = 18.0;
				LD_RUNPATH_SEARCH_PATHS = (
					"$(inherited)",
					"@executable_path/Frameworks",
				);
				MARKETING_VERSION = 0.1;
				PRODUCT_BUNDLE_IDENTIFIER = com.codedbydan.AsNeeded;
				PRODUCT_NAME = "$(TARGET_NAME)";
				SWIFT_EMIT_LOC_STRINGS = YES;
				SWIFT_VERSION = 5.0;
				TARGETED_DEVICE_FAMILY = "1,2";
				_EXPERIMENTAL_SWIFT_EXPLICIT_MODULES = YES;
			};
			name = Release;
		};
/* End XCBuildConfiguration section */

/* Begin XCConfigurationList section */
		524942E82CA2C9E5004DB0EC /* Build configuration list for PBXNativeTarget "WristAsNeeded Watch App" */ = {
			isa = XCConfigurationList;
			buildConfigurations = (
				524942E92CA2C9E5004DB0EC /* Debug */,
				524942EA2CA2C9E5004DB0EC /* Release */,
			);
			defaultConfigurationIsVisible = 0;
			defaultConfigurationName = Release;
		};
		527AFA1D28E26B3400BD575D /* Build configuration list for PBXProject "AsNeeded" */ = {
			isa = XCConfigurationList;
			buildConfigurations = (
				527AFA4428E26B3600BD575D /* Debug */,
				527AFA4528E26B3600BD575D /* Release */,
			);
			defaultConfigurationIsVisible = 0;
			defaultConfigurationName = Release;
		};
		527AFA4628E26B3600BD575D /* Build configuration list for PBXNativeTarget "AsNeeded" */ = {
			isa = XCConfigurationList;
			buildConfigurations = (
				527AFA4728E26B3600BD575D /* Debug */,
				527AFA4828E26B3600BD575D /* Release */,
			);
			defaultConfigurationIsVisible = 0;
			defaultConfigurationName = Release;
		};
/* End XCConfigurationList section */

/* Begin XCRemoteSwiftPackageReference section */
		527326D12CA2C75300B87497 /* XCRemoteSwiftPackageReference "SwiftDate" */ = {
			isa = XCRemoteSwiftPackageReference;
			repositoryURL = "https://github.com/malcommac/SwiftDate";
			requirement = {
				kind = upToNextMajorVersion;
				minimumVersion = 7.0.0;
			};
		};
		52929DA428EF270100C996E0 /* XCRemoteSwiftPackageReference "SFSafeSymbols" */ = {
			isa = XCRemoteSwiftPackageReference;
			repositoryURL = "https://github.com/SFSafeSymbols/SFSafeSymbols";
			requirement = {
				kind = upToNextMajorVersion;
				minimumVersion = 4.0.0;
			};
		};
		52929DAA28EF29A500C996E0 /* XCRemoteSwiftPackageReference "SwiftyUserDefaults" */ = {
			isa = XCRemoteSwiftPackageReference;
			repositoryURL = "https://github.com/sunshinejr/SwiftyUserDefaults";
			requirement = {
				kind = upToNextMajorVersion;
				minimumVersion = 5.0.0;
			};
		};
/* End XCRemoteSwiftPackageReference section */

/* Begin XCSwiftPackageProductDependency section */
		527326D22CA2C75300B87497 /* SwiftDate */ = {
			isa = XCSwiftPackageProductDependency;
			package = 527326D12CA2C75300B87497 /* XCRemoteSwiftPackageReference "SwiftDate" */;
			productName = SwiftDate;
		};
		52929DA528EF270100C996E0 /* SFSafeSymbols */ = {
			isa = XCSwiftPackageProductDependency;
			package = 52929DA428EF270100C996E0 /* XCRemoteSwiftPackageReference "SFSafeSymbols" */;
			productName = SFSafeSymbols;
		};
		52929DAB28EF29A500C996E0 /* SwiftyUserDefaults */ = {
			isa = XCSwiftPackageProductDependency;
			package = 52929DAA28EF29A500C996E0 /* XCRemoteSwiftPackageReference "SwiftyUserDefaults" */;
			productName = SwiftyUserDefaults;
		};
		52BB7AF72CA2CD480083F80C /* SwiftDate */ = {
			isa = XCSwiftPackageProductDependency;
			package = 527326D12CA2C75300B87497 /* XCRemoteSwiftPackageReference "SwiftDate" */;
			productName = SwiftDate;
		};
/* End XCSwiftPackageProductDependency section */
	};
	rootObject = 527AFA1A28E26B3400BD575D /* Project object */;
}
