// !$*UTF8*$!
{
	archiveVersion = 1;
	classes = {
	};
	objectVersion = 70;
	objects = {

/* Begin PBXBuildFile section */
		52133A022E9DB5B60055E06D /* WidgetKit.framework in Frameworks */ = {isa = PBXBuildFile; fileRef = 52133A012E9DB5B60055E06D /* WidgetKit.framework */; };
		52133A042E9DB5B60055E06D /* SwiftUI.framework in Frameworks */ = {isa = PBXBuildFile; fileRef = 52133A032E9DB5B60055E06D /* SwiftUI.framework */; };
		52133A0F2E9DB5B60055E06D /* AsNeededWidgetExtension.appex in Embed Foundation Extensions */ = {isa = PBXBuildFile; fileRef = 52133A002E9DB5B60055E06D /* AsNeededWidgetExtension.appex */; settings = {ATTRIBUTES = (RemoveHeadersOnCopy, ); }; };
		52133A292E9DB8D60055E06D /* Boutique in Frameworks */ = {isa = PBXBuildFile; productRef = 52133A282E9DB8D60055E06D /* Boutique */; };
		52133A2B2E9DBAF00055E06D /* ANModelKit in Frameworks */ = {isa = PBXBuildFile; productRef = 52133A2A2E9DBAF00055E06D /* ANModelKit */; };
		521B77C92E6B92C5006A7439 /* ReceiptParser in Frameworks */ = {isa = PBXBuildFile; productRef = 521B77C82E6B92C5006A7439 /* ReceiptParser */; };
		521B77CB2E6B92C5006A7439 /* RevenueCat in Frameworks */ = {isa = PBXBuildFile; productRef = 521B77CA2E6B92C5006A7439 /* RevenueCat */; };
		521B77CD2E6B92C5006A7439 /* RevenueCatUI in Frameworks */ = {isa = PBXBuildFile; productRef = 521B77CC2E6B92C5006A7439 /* RevenueCatUI */; };
		521B77D12E6B92D8006A7439 /* StoreKit.framework in Frameworks */ = {isa = PBXBuildFile; fileRef = 521B77D02E6B92D8006A7439 /* StoreKit.framework */; };
		523262712E7849E500047C67 /* ANStoreKitConfig.storekit in Resources */ = {isa = PBXBuildFile; fileRef = 523262702E7849E500047C67 /* ANStoreKitConfig.storekit */; };
		52457B402E88CBC10058E6F5 /* DHFlatUIColors in Frameworks */ = {isa = PBXBuildFile; productRef = DHFLATUI00000000000000002 /* DHFlatUIColors */; };
		524942E72CA2C9E5004DB0EC /* WristAsNeeded Watch App.app in Embed Watch Content */ = {isa = PBXBuildFile; fileRef = 524942DA2CA2C9E4004DB0EC /* WristAsNeeded Watch App.app */; settings = {ATTRIBUTES = (RemoveHeadersOnCopy, ); }; };
		52538B432E6C8A87009017EE /* DHUtilityKit in Frameworks */ = {isa = PBXBuildFile; productRef = 52538B422E6C8A87009017EE /* DHUtilityKit */; };
		5256E8092E6B861D0072C6F0 /* PRIVACY.md in Resources */ = {isa = PBXBuildFile; fileRef = 5256E8072E6B861D0072C6F0 /* PRIVACY.md */; };
		5256E80A2E6B861D0072C6F0 /* CLAUDE.md in Resources */ = {isa = PBXBuildFile; fileRef = 5256E8062E6B861D0072C6F0 /* CLAUDE.md */; };
		5258A0232E784BB2004AE4C5 /* StoreKitTestCertificate.cer in Resources */ = {isa = PBXBuildFile; fileRef = 5258A0222E784BB2004AE4C5 /* StoreKitTestCertificate.cer */; };
		52929DA628EF270100C996E0 /* SFSafeSymbols in Frameworks */ = {isa = PBXBuildFile; productRef = 52929DA528EF270100C996E0 /* SFSafeSymbols */; };
		52A90B9A2E60F6C10016124C /* README.md in Resources */ = {isa = PBXBuildFile; fileRef = 52A90B992E60F6C10016124C /* README.md */; };
		52A90B9B2E60F6C10016124C /* LICENSE.txt in Resources */ = {isa = PBXBuildFile; fileRef = 52A90B982E60F6C10016124C /* LICENSE.txt */; };
		52BD23C92E6C87B600985CD3 /* DHLoggingKit in Frameworks */ = {isa = PBXBuildFile; productRef = 52BD23C82E6C87B600985CD3 /* DHLoggingKit */; };
		52BD23CC2E6C87CF00985CD3 /* ANModelKit in Frameworks */ = {isa = PBXBuildFile; productRef = 52BD23CB2E6C87CF00985CD3 /* ANModelKit */; };
		52BD23CF2E6C87FC00985CD3 /* SwiftRxNorm in Frameworks */ = {isa = PBXBuildFile; productRef = 52BD23CE2E6C87FC00985CD3 /* SwiftRxNorm */; };
		52C349AA2E552F980040CEB8 /* Boutique in Frameworks */ = {isa = PBXBuildFile; productRef = 52C349A92E552F980040CEB8 /* Boutique */; };
		52DE375F2E5531B100DD3B1A /* ANModelKit in Frameworks */ = {isa = PBXBuildFile; productRef = 52DE375E2E5531B100DD3B1A /* ANModelKit */; };
		52DE37612E5531B100DD3B1A /* SwiftRxNorm in Frameworks */ = {isa = PBXBuildFile; productRef = 52DE37602E5531B100DD3B1A /* SwiftRxNorm */; };
		52F6AE322E67A9F6005CF0A1 /* DHLoggingKit in Frameworks */ = {isa = PBXBuildFile; productRef = 52F6AE312E67A9F6005CF0A1 /* DHLoggingKit */; };
/* End PBXBuildFile section */

/* Begin PBXContainerItemProxy section */
		52133A0D2E9DB5B60055E06D /* PBXContainerItemProxy */ = {
			isa = PBXContainerItemProxy;
			containerPortal = 527AFA1A28E26B3400BD575D /* Project object */;
			proxyType = 1;
			remoteGlobalIDString = 521339FF2E9DB5B60055E06D;
			remoteInfo = AsNeededWidgetExtension;
		};
		524942E52CA2C9E5004DB0EC /* PBXContainerItemProxy */ = {
			isa = PBXContainerItemProxy;
			containerPortal = 527AFA1A28E26B3400BD575D /* Project object */;
			proxyType = 1;
			remoteGlobalIDString = 524942D92CA2C9E4004DB0EC;
			remoteInfo = "WristAsNeeded Watch App";
		};
		52B378502E4E77FD008EC5F2 /* PBXContainerItemProxy */ = {
			isa = PBXContainerItemProxy;
			containerPortal = 527AFA1A28E26B3400BD575D /* Project object */;
			proxyType = 1;
			remoteGlobalIDString = 527AFA2128E26B3400BD575D;
			remoteInfo = AsNeeded;
		};
/* End PBXContainerItemProxy section */

/* Begin PBXCopyFilesBuildPhase section */
		52133A102E9DB5B60055E06D /* Embed Foundation Extensions */ = {
			isa = PBXCopyFilesBuildPhase;
			buildActionMask = 2147483647;
			dstPath = "";
			dstSubfolderSpec = 13;
			files = (
				52133A0F2E9DB5B60055E06D /* AsNeededWidgetExtension.appex in Embed Foundation Extensions */,
			);
			name = "Embed Foundation Extensions";
			runOnlyForDeploymentPostprocessing = 0;
		};
		5263AE312CA2D59F0095D2A0 /* Embed Frameworks */ = {
			isa = PBXCopyFilesBuildPhase;
			buildActionMask = 2147483647;
			dstPath = "";
			dstSubfolderSpec = 10;
			files = (
			);
			name = "Embed Frameworks";
			runOnlyForDeploymentPostprocessing = 0;
		};
		5296A1F02CA2A17B00A6E3B6 /* Embed Watch Content */ = {
			isa = PBXCopyFilesBuildPhase;
			buildActionMask = 2147483647;
			dstPath = "$(CONTENTS_FOLDER_PATH)/Watch";
			dstSubfolderSpec = 16;
			files = (
				524942E72CA2C9E5004DB0EC /* WristAsNeeded Watch App.app in Embed Watch Content */,
			);
			name = "Embed Watch Content";
			runOnlyForDeploymentPostprocessing = 0;
		};
/* End PBXCopyFilesBuildPhase section */

/* Begin PBXFileReference section */
		52133A002E9DB5B60055E06D /* AsNeededWidgetExtension.appex */ = {isa = PBXFileReference; explicitFileType = "wrapper.app-extension"; includeInIndex = 0; path = AsNeededWidgetExtension.appex; sourceTree = BUILT_PRODUCTS_DIR; };
		52133A012E9DB5B60055E06D /* WidgetKit.framework */ = {isa = PBXFileReference; lastKnownFileType = wrapper.framework; name = WidgetKit.framework; path = /System/Library/Frameworks/WidgetKit.framework; sourceTree = "<absolute>"; };
		52133A032E9DB5B60055E06D /* SwiftUI.framework */ = {isa = PBXFileReference; lastKnownFileType = wrapper.framework; name = SwiftUI.framework; path = /System/Library/Frameworks/SwiftUI.framework; sourceTree = "<absolute>"; };
		521B77D02E6B92D8006A7439 /* StoreKit.framework */ = {isa = PBXFileReference; lastKnownFileType = wrapper.framework; name = StoreKit.framework; path = System/Library/Frameworks/StoreKit.framework; sourceTree = SDKROOT; };
		523262702E7849E500047C67 /* ANStoreKitConfig.storekit */ = {isa = PBXFileReference; lastKnownFileType = text; path = ANStoreKitConfig.storekit; sourceTree = "<group>"; };
		524942DA2CA2C9E4004DB0EC /* WristAsNeeded Watch App.app */ = {isa = PBXFileReference; explicitFileType = wrapper.application; includeInIndex = 0; path = "WristAsNeeded Watch App.app"; sourceTree = BUILT_PRODUCTS_DIR; };
		5256E8062E6B861D0072C6F0 /* CLAUDE.md */ = {isa = PBXFileReference; lastKnownFileType = net.daringfireball.markdown; path = CLAUDE.md; sourceTree = "<group>"; };
		5256E8072E6B861D0072C6F0 /* PRIVACY.md */ = {isa = PBXFileReference; lastKnownFileType = net.daringfireball.markdown; path = PRIVACY.md; sourceTree = "<group>"; };
		5258A0222E784BB2004AE4C5 /* StoreKitTestCertificate.cer */ = {isa = PBXFileReference; lastKnownFileType = file; path = StoreKitTestCertificate.cer; sourceTree = "<group>"; };
		527AFA2228E26B3400BD575D /* AsNeeded.app */ = {isa = PBXFileReference; explicitFileType = wrapper.application; includeInIndex = 0; path = AsNeeded.app; sourceTree = BUILT_PRODUCTS_DIR; };
		52A90B982E60F6C10016124C /* LICENSE.txt */ = {isa = PBXFileReference; lastKnownFileType = text; path = LICENSE.txt; sourceTree = "<group>"; };
		52A90B992E60F6C10016124C /* README.md */ = {isa = PBXFileReference; lastKnownFileType = net.daringfireball.markdown; path = README.md; sourceTree = "<group>"; };
		52B3784C2E4E77FD008EC5F2 /* AsNeededTests.xctest */ = {isa = PBXFileReference; explicitFileType = wrapper.cfbundle; includeInIndex = 0; path = AsNeededTests.xctest; sourceTree = BUILT_PRODUCTS_DIR; };
/* End PBXFileReference section */

/* Begin PBXFileSystemSynchronizedBuildFileExceptionSet section */
		52133A142E9DB5B60055E06D /* PBXFileSystemSynchronizedBuildFileExceptionSet */ = {
			isa = PBXFileSystemSynchronizedBuildFileExceptionSet;
			membershipExceptions = (
				Info.plist,
			);
			target = 521339FF2E9DB5B60055E06D /* AsNeededWidgetExtension */;
		};
		52B378412E4E75C5008EC5F2 /* PBXFileSystemSynchronizedBuildFileExceptionSet */ = {
			isa = PBXFileSystemSynchronizedBuildFileExceptionSet;
			membershipExceptions = (
				Info.plist,
			);
			target = 527AFA2128E26B3400BD575D /* AsNeeded */;
		};
		52B378422E4E75C5008EC5F2 /* PBXFileSystemSynchronizedBuildFileExceptionSet */ = {
			isa = PBXFileSystemSynchronizedBuildFileExceptionSet;
			membershipExceptions = (
				AppIcon.icon,
				"Extensions/DoubleExtensions/Double+roundToPlaces.swift",
				Localizable.xcstrings,
			);
			target = 524942D92CA2C9E4004DB0EC /* WristAsNeeded Watch App */;
		};
/* End PBXFileSystemSynchronizedBuildFileExceptionSet section */

/* Begin PBXFileSystemSynchronizedRootGroup section */
		52133A052E9DB5B60055E06D /* AsNeededWidget */ = {isa = PBXFileSystemSynchronizedRootGroup; exceptions = (52133A142E9DB5B60055E06D /* PBXFileSystemSynchronizedBuildFileExceptionSet */, ); explicitFileTypes = {}; explicitFolders = (); path = AsNeededWidget; sourceTree = "<group>"; };
		524942DB2CA2C9E4004DB0EC /* WristAsNeeded Watch App */ = {isa = PBXFileSystemSynchronizedRootGroup; explicitFileTypes = {}; explicitFolders = (); path = "WristAsNeeded Watch App"; sourceTree = "<group>"; };
		52B3780C2E4E75C5008EC5F2 /* AsNeeded */ = {isa = PBXFileSystemSynchronizedRootGroup; exceptions = (52B378412E4E75C5008EC5F2 /* PBXFileSystemSynchronizedBuildFileExceptionSet */, 52B378422E4E75C5008EC5F2 /* PBXFileSystemSynchronizedBuildFileExceptionSet */, ); explicitFileTypes = {}; explicitFolders = (); path = AsNeeded; sourceTree = "<group>"; };
		52B3784D2E4E77FD008EC5F2 /* AsNeededTests */ = {isa = PBXFileSystemSynchronizedRootGroup; explicitFileTypes = {}; explicitFolders = (); path = AsNeededTests; sourceTree = "<group>"; };
/* End PBXFileSystemSynchronizedRootGroup section */

/* Begin PBXFrameworksBuildPhase section */
		521339FD2E9DB5B60055E06D /* Frameworks */ = {
			isa = PBXFrameworksBuildPhase;
			buildActionMask = 2147483647;
			files = (
				52133A042E9DB5B60055E06D /* SwiftUI.framework in Frameworks */,
				52133A292E9DB8D60055E06D /* Boutique in Frameworks */,
				52133A2B2E9DBAF00055E06D /* ANModelKit in Frameworks */,
				52133A022E9DB5B60055E06D /* WidgetKit.framework in Frameworks */,
			);
			runOnlyForDeploymentPostprocessing = 0;
		};
		524942D72CA2C9E4004DB0EC /* Frameworks */ = {
			isa = PBXFrameworksBuildPhase;
			buildActionMask = 2147483647;
			files = (
			);
			runOnlyForDeploymentPostprocessing = 0;
		};
		527AFA1F28E26B3400BD575D /* Frameworks */ = {
			isa = PBXFrameworksBuildPhase;
			buildActionMask = 2147483647;
			files = (
				52457B402E88CBC10058E6F5 /* DHFlatUIColors in Frameworks */,
				521B77C92E6B92C5006A7439 /* ReceiptParser in Frameworks */,
				52C349AA2E552F980040CEB8 /* Boutique in Frameworks */,
				521B77CB2E6B92C5006A7439 /* RevenueCat in Frameworks */,
				52DE375F2E5531B100DD3B1A /* ANModelKit in Frameworks */,
				52538B432E6C8A87009017EE /* DHUtilityKit in Frameworks */,
				521B77CD2E6B92C5006A7439 /* RevenueCatUI in Frameworks */,
				52F6AE322E67A9F6005CF0A1 /* DHLoggingKit in Frameworks */,
				521B77D12E6B92D8006A7439 /* StoreKit.framework in Frameworks */,
				52BD23C92E6C87B600985CD3 /* DHLoggingKit in Frameworks */,
				52BD23CC2E6C87CF00985CD3 /* ANModelKit in Frameworks */,
				52DE37612E5531B100DD3B1A /* SwiftRxNorm in Frameworks */,
				52BD23CF2E6C87FC00985CD3 /* SwiftRxNorm in Frameworks */,
				52929DA628EF270100C996E0 /* SFSafeSymbols in Frameworks */,
			);
			runOnlyForDeploymentPostprocessing = 0;
		};
		52B378492E4E77FD008EC5F2 /* Frameworks */ = {
			isa = PBXFrameworksBuildPhase;
			buildActionMask = 2147483647;
			files = (
			);
			runOnlyForDeploymentPostprocessing = 0;
		};
/* End PBXFrameworksBuildPhase section */

/* Begin PBXGroup section */
		524942CB2CA2C999004DB0EC /* Recovered References */ = {
			isa = PBXGroup;
			children = (
			);
			name = "Recovered References";
			sourceTree = "<group>";
		};
		527AFA1928E26B3400BD575D = {
			isa = PBXGroup;
			children = (
				523262702E7849E500047C67 /* ANStoreKitConfig.storekit */,
				5258A0222E784BB2004AE4C5 /* StoreKitTestCertificate.cer */,
				52B3780C2E4E75C5008EC5F2 /* AsNeeded */,
				524942DB2CA2C9E4004DB0EC /* WristAsNeeded Watch App */,
				52B3784D2E4E77FD008EC5F2 /* AsNeededTests */,
				52133A052E9DB5B60055E06D /* AsNeededWidget */,
				527AFA2328E26B3400BD575D /* Products */,
				52A28DC82A69CE7F008212BC /* Frameworks */,
				524942CB2CA2C999004DB0EC /* Recovered References */,
				52A90B982E60F6C10016124C /* LICENSE.txt */,
				52A90B992E60F6C10016124C /* README.md */,
				5256E8062E6B861D0072C6F0 /* CLAUDE.md */,
				5256E8072E6B861D0072C6F0 /* PRIVACY.md */,
			);
			sourceTree = "<group>";
		};
		527AFA2328E26B3400BD575D /* Products */ = {
			isa = PBXGroup;
			children = (
				527AFA2228E26B3400BD575D /* AsNeeded.app */,
				524942DA2CA2C9E4004DB0EC /* WristAsNeeded Watch App.app */,
				52B3784C2E4E77FD008EC5F2 /* AsNeededTests.xctest */,
				52133A002E9DB5B60055E06D /* AsNeededWidgetExtension.appex */,
			);
			name = Products;
			sourceTree = "<group>";
		};
		52A28DC82A69CE7F008212BC /* Frameworks */ = {
			isa = PBXGroup;
			children = (
				521B77D02E6B92D8006A7439 /* StoreKit.framework */,
				52133A012E9DB5B60055E06D /* WidgetKit.framework */,
				52133A032E9DB5B60055E06D /* SwiftUI.framework */,
			);
			name = Frameworks;
			sourceTree = "<group>";
		};
/* End PBXGroup section */

/* Begin PBXNativeTarget section */
		521339FF2E9DB5B60055E06D /* AsNeededWidgetExtension */ = {
			isa = PBXNativeTarget;
			buildConfigurationList = 52133A132E9DB5B60055E06D /* Build configuration list for PBXNativeTarget "AsNeededWidgetExtension" */;
			buildPhases = (
				521339FC2E9DB5B60055E06D /* Sources */,
				521339FD2E9DB5B60055E06D /* Frameworks */,
				521339FE2E9DB5B60055E06D /* Resources */,
			);
			buildRules = (
			);
			dependencies = (
			);
			fileSystemSynchronizedGroups = (
				52133A052E9DB5B60055E06D /* AsNeededWidget */,
			);
			name = AsNeededWidgetExtension;
			packageProductDependencies = (
				52133A282E9DB8D60055E06D /* Boutique */,
				52133A2A2E9DBAF00055E06D /* ANModelKit */,
			);
			productName = AsNeededWidgetExtension;
			productReference = 52133A002E9DB5B60055E06D /* AsNeededWidgetExtension.appex */;
			productType = "com.apple.product-type.app-extension";
		};
		524942D92CA2C9E4004DB0EC /* WristAsNeeded Watch App */ = {
			isa = PBXNativeTarget;
			buildConfigurationList = 524942E82CA2C9E5004DB0EC /* Build configuration list for PBXNativeTarget "WristAsNeeded Watch App" */;
			buildPhases = (
				524942D62CA2C9E4004DB0EC /* Sources */,
				524942D72CA2C9E4004DB0EC /* Frameworks */,
				524942D82CA2C9E4004DB0EC /* Resources */,
			);
			buildRules = (
			);
			dependencies = (
			);
			fileSystemSynchronizedGroups = (
				524942DB2CA2C9E4004DB0EC /* WristAsNeeded Watch App */,
			);
			name = "WristAsNeeded Watch App";
			packageProductDependencies = (
			);
			productName = "WristAsNeeded Watch App";
			productReference = 524942DA2CA2C9E4004DB0EC /* WristAsNeeded Watch App.app */;
			productType = "com.apple.product-type.application";
		};
		527AFA2128E26B3400BD575D /* AsNeeded */ = {
			isa = PBXNativeTarget;
			buildConfigurationList = 527AFA4628E26B3600BD575D /* Build configuration list for PBXNativeTarget "AsNeeded" */;
			buildPhases = (
				527AFA1E28E26B3400BD575D /* Sources */,
				527AFA1F28E26B3400BD575D /* Frameworks */,
				527AFA2028E26B3400BD575D /* Resources */,
				5296A1F02CA2A17B00A6E3B6 /* Embed Watch Content */,
				5263AE312CA2D59F0095D2A0 /* Embed Frameworks */,
				52133A102E9DB5B60055E06D /* Embed Foundation Extensions */,
			);
			buildRules = (
			);
			dependencies = (
				524942E62CA2C9E5004DB0EC /* PBXTargetDependency */,
				52133A0E2E9DB5B60055E06D /* PBXTargetDependency */,
			);
			fileSystemSynchronizedGroups = (
				52B3780C2E4E75C5008EC5F2 /* AsNeeded */,
			);
			name = AsNeeded;
			packageProductDependencies = (
				52929DA528EF270100C996E0 /* SFSafeSymbols */,
				52C349A92E552F980040CEB8 /* Boutique */,
				52DE375E2E5531B100DD3B1A /* ANModelKit */,
				52DE37602E5531B100DD3B1A /* SwiftRxNorm */,
				52F6AE312E67A9F6005CF0A1 /* DHLoggingKit */,
				521B77C82E6B92C5006A7439 /* ReceiptParser */,
				521B77CA2E6B92C5006A7439 /* RevenueCat */,
				521B77CC2E6B92C5006A7439 /* RevenueCatUI */,
				52BD23C82E6C87B600985CD3 /* DHLoggingKit */,
				52BD23CB2E6C87CF00985CD3 /* ANModelKit */,
				52BD23CE2E6C87FC00985CD3 /* SwiftRxNorm */,
				52538B422E6C8A87009017EE /* DHUtilityKit */,
				DHFLATUI00000000000000002 /* DHFlatUIColors */,
			);
			productName = AsNeeded;
			productReference = 527AFA2228E26B3400BD575D /* AsNeeded.app */;
			productType = "com.apple.product-type.application";
		};
		52B3784B2E4E77FD008EC5F2 /* AsNeededTests */ = {
			isa = PBXNativeTarget;
			buildConfigurationList = 52B378522E4E77FD008EC5F2 /* Build configuration list for PBXNativeTarget "AsNeededTests" */;
			buildPhases = (
				52B378482E4E77FD008EC5F2 /* Sources */,
				52B378492E4E77FD008EC5F2 /* Frameworks */,
				52B3784A2E4E77FD008EC5F2 /* Resources */,
			);
			buildRules = (
			);
			dependencies = (
				52B378512E4E77FD008EC5F2 /* PBXTargetDependency */,
			);
			fileSystemSynchronizedGroups = (
				52B3784D2E4E77FD008EC5F2 /* AsNeededTests */,
			);
			name = AsNeededTests;
			packageProductDependencies = (
			);
			productName = AsNeededTests;
			productReference = 52B3784C2E4E77FD008EC5F2 /* AsNeededTests.xctest */;
			productType = "com.apple.product-type.bundle.unit-test";
		};
/* End PBXNativeTarget section */

/* Begin PBXProject section */
		527AFA1A28E26B3400BD575D /* Project object */ = {
			isa = PBXProject;
			attributes = {
				BuildIndependentTargetsInParallel = 1;
				LastSwiftUpdateCheck = 2600;
				LastUpgradeCheck = 2600;
				TargetAttributes = {
					521339FF2E9DB5B60055E06D = {
						CreatedOnToolsVersion = 26.0.1;
					};
					524942D92CA2C9E4004DB0EC = {
						CreatedOnToolsVersion = 16.0;
					};
					527AFA2128E26B3400BD575D = {
						CreatedOnToolsVersion = 14.0;
					};
					52B3784B2E4E77FD008EC5F2 = {
						CreatedOnToolsVersion = 26.0;
						TestTargetID = 527AFA2128E26B3400BD575D;
					};
				};
			};
			buildConfigurationList = 527AFA1D28E26B3400BD575D /* Build configuration list for PBXProject "AsNeeded" */;
			compatibilityVersion = "Xcode 14.0";
			developmentRegion = en;
			hasScannedForEncodings = 0;
			knownRegions = (
				en,
				Base,
			);
			mainGroup = 527AFA1928E26B3400BD575D;
			packageReferences = (
				52929DA428EF270100C996E0 /* XCRemoteSwiftPackageReference "SFSafeSymbols" */,
				52C349A82E552F980040CEB8 /* XCRemoteSwiftPackageReference "Boutique" */,
				521B77C72E6B92C5006A7439 /* XCRemoteSwiftPackageReference "purchases-ios" */,
				52BD23C72E6C87B600985CD3 /* XCRemoteSwiftPackageReference "DHLoggingKit" */,
				52BD23CA2E6C87CF00985CD3 /* XCRemoteSwiftPackageReference "ANModelKit" */,
				52BD23CD2E6C87FC00985CD3 /* XCRemoteSwiftPackageReference "SwiftRxNorm" */,
				52538B412E6C8A87009017EE /* XCRemoteSwiftPackageReference "DHUtilityKit" */,
				DHFLATUI00000000000000001 /* XCRemoteSwiftPackageReference "DHFlatUIColors" */,
			);
			productRefGroup = 527AFA2328E26B3400BD575D /* Products */;
			projectDirPath = "";
			projectRoot = "";
			targets = (
				527AFA2128E26B3400BD575D /* AsNeeded */,
				524942D92CA2C9E4004DB0EC /* WristAsNeeded Watch App */,
				52B3784B2E4E77FD008EC5F2 /* AsNeededTests */,
				521339FF2E9DB5B60055E06D /* AsNeededWidgetExtension */,
			);
		};
/* End PBXProject section */

/* Begin PBXResourcesBuildPhase section */
		521339FE2E9DB5B60055E06D /* Resources */ = {
			isa = PBXResourcesBuildPhase;
			buildActionMask = 2147483647;
			files = (
			);
			runOnlyForDeploymentPostprocessing = 0;
		};
		524942D82CA2C9E4004DB0EC /* Resources */ = {
			isa = PBXResourcesBuildPhase;
			buildActionMask = 2147483647;
			files = (
			);
			runOnlyForDeploymentPostprocessing = 0;
		};
		527AFA2028E26B3400BD575D /* Resources */ = {
			isa = PBXResourcesBuildPhase;
			buildActionMask = 2147483647;
			files = (
				523262712E7849E500047C67 /* ANStoreKitConfig.storekit in Resources */,
				5256E8092E6B861D0072C6F0 /* PRIVACY.md in Resources */,
				5256E80A2E6B861D0072C6F0 /* CLAUDE.md in Resources */,
				52A90B9A2E60F6C10016124C /* README.md in Resources */,
				52A90B9B2E60F6C10016124C /* LICENSE.txt in Resources */,
				5258A0232E784BB2004AE4C5 /* StoreKitTestCertificate.cer in Resources */,
			);
			runOnlyForDeploymentPostprocessing = 0;
		};
		52B3784A2E4E77FD008EC5F2 /* Resources */ = {
			isa = PBXResourcesBuildPhase;
			buildActionMask = 2147483647;
			files = (
			);
			runOnlyForDeploymentPostprocessing = 0;
		};
/* End PBXResourcesBuildPhase section */

/* Begin PBXSourcesBuildPhase section */
		521339FC2E9DB5B60055E06D /* Sources */ = {
			isa = PBXSourcesBuildPhase;
			buildActionMask = 2147483647;
			files = (
			);
			runOnlyForDeploymentPostprocessing = 0;
		};
		524942D62CA2C9E4004DB0EC /* Sources */ = {
			isa = PBXSourcesBuildPhase;
			buildActionMask = 2147483647;
			files = (
			);
			runOnlyForDeploymentPostprocessing = 0;
		};
		527AFA1E28E26B3400BD575D /* Sources */ = {
			isa = PBXSourcesBuildPhase;
			buildActionMask = 2147483647;
			files = (
			);
			runOnlyForDeploymentPostprocessing = 0;
		};
		52B378482E4E77FD008EC5F2 /* Sources */ = {
			isa = PBXSourcesBuildPhase;
			buildActionMask = 2147483647;
			files = (
			);
			runOnlyForDeploymentPostprocessing = 0;
		};
/* End PBXSourcesBuildPhase section */

/* Begin PBXTargetDependency section */
		52133A0E2E9DB5B60055E06D /* PBXTargetDependency */ = {
			isa = PBXTargetDependency;
			target = 521339FF2E9DB5B60055E06D /* AsNeededWidgetExtension */;
			targetProxy = 52133A0D2E9DB5B60055E06D /* PBXContainerItemProxy */;
		};
		524942E62CA2C9E5004DB0EC /* PBXTargetDependency */ = {
			isa = PBXTargetDependency;
			target = 524942D92CA2C9E4004DB0EC /* WristAsNeeded Watch App */;
			targetProxy = 524942E52CA2C9E5004DB0EC /* PBXContainerItemProxy */;
		};
		52B378512E4E77FD008EC5F2 /* PBXTargetDependency */ = {
			isa = PBXTargetDependency;
			target = 527AFA2128E26B3400BD575D /* AsNeeded */;
			targetProxy = 52B378502E4E77FD008EC5F2 /* PBXContainerItemProxy */;
		};
/* End PBXTargetDependency section */

/* Begin XCBuildConfiguration section */
		52133A112E9DB5B60055E06D /* Debug */ = {
			isa = XCBuildConfiguration;
			buildSettings = {
				ASSETCATALOG_COMPILER_GLOBAL_ACCENT_COLOR_NAME = AccentColor;
				ASSETCATALOG_COMPILER_WIDGET_BACKGROUND_COLOR_NAME = WidgetBackground;
				CODE_SIGN_STYLE = Automatic;
				CURRENT_PROJECT_VERSION = 247;
				ENABLE_APP_SANDBOX = YES;
				ENABLE_HARDENED_RUNTIME = YES;
				ENABLE_USER_SCRIPT_SANDBOXING = YES;
				GCC_C_LANGUAGE_STANDARD = gnu17;
				GENERATE_INFOPLIST_FILE = YES;
				INFOPLIST_FILE = AsNeededWidget/Info.plist;
				INFOPLIST_KEY_CFBundleDisplayName = AsNeededWidget;
				INFOPLIST_KEY_NSHumanReadableCopyright = "";
				IPHONEOS_DEPLOYMENT_TARGET = 26.0;
				LD_RUNPATH_SEARCH_PATHS = (
					"$(inherited)",
					"@executable_path/Frameworks",
					"@executable_path/../../Frameworks",
				);
				"LD_RUNPATH_SEARCH_PATHS[sdk=macosx*]" = (
					"$(inherited)",
					"@executable_path/../Frameworks",
					"@executable_path/../../../../Frameworks",
				);
				LOCALIZATION_PREFERS_STRING_CATALOGS = YES;
				MACOSX_DEPLOYMENT_TARGET = 26.0;
				MARKETING_VERSION = 1.1.2;
				PRODUCT_BUNDLE_IDENTIFIER = com.codedbydan.AsNeeded.AsNeededWidget;
				PRODUCT_NAME = "$(TARGET_NAME)";
				SDKROOT = auto;
				SKIP_INSTALL = YES;
				STRING_CATALOG_GENERATE_SYMBOLS = YES;
				SUPPORTED_PLATFORMS = "iphoneos iphonesimulator macosx xros xrsimulator";
				SWIFT_ACTIVE_COMPILATION_CONDITIONS = "DEBUG $(inherited)";
				SWIFT_APPROACHABLE_CONCURRENCY = YES;
				SWIFT_EMIT_LOC_STRINGS = YES;
				SWIFT_UPCOMING_FEATURE_MEMBER_IMPORT_VISIBILITY = YES;
				SWIFT_VERSION = 5.0;
				TARGETED_DEVICE_FAMILY = "1,2,7";
				XROS_DEPLOYMENT_TARGET = 26.0;
			};
			name = Debug;
		};
		52133A122E9DB5B60055E06D /* Release */ = {
			isa = XCBuildConfiguration;
			buildSettings = {
				ASSETCATALOG_COMPILER_GLOBAL_ACCENT_COLOR_NAME = AccentColor;
				ASSETCATALOG_COMPILER_WIDGET_BACKGROUND_COLOR_NAME = WidgetBackground;
				CODE_SIGN_STYLE = Automatic;
				CURRENT_PROJECT_VERSION = 247;
				ENABLE_APP_SANDBOX = YES;
				ENABLE_HARDENED_RUNTIME = YES;
				ENABLE_USER_SCRIPT_SANDBOXING = YES;
				GCC_C_LANGUAGE_STANDARD = gnu17;
				GENERATE_INFOPLIST_FILE = YES;
				INFOPLIST_FILE = AsNeededWidget/Info.plist;
				INFOPLIST_KEY_CFBundleDisplayName = AsNeededWidget;
				INFOPLIST_KEY_NSHumanReadableCopyright = "";
				IPHONEOS_DEPLOYMENT_TARGET = 26.0;
				LD_RUNPATH_SEARCH_PATHS = (
					"$(inherited)",
					"@executable_path/Frameworks",
					"@executable_path/../../Frameworks",
				);
				"LD_RUNPATH_SEARCH_PATHS[sdk=macosx*]" = (
					"$(inherited)",
					"@executable_path/../Frameworks",
					"@executable_path/../../../../Frameworks",
				);
				LOCALIZATION_PREFERS_STRING_CATALOGS = YES;
				MACOSX_DEPLOYMENT_TARGET = 26.0;
				MARKETING_VERSION = 1.1.2;
				PRODUCT_BUNDLE_IDENTIFIER = com.codedbydan.AsNeeded.AsNeededWidget;
				PRODUCT_NAME = "$(TARGET_NAME)";
				SDKROOT = auto;
				SKIP_INSTALL = YES;
				STRING_CATALOG_GENERATE_SYMBOLS = YES;
				SUPPORTED_PLATFORMS = "iphoneos iphonesimulator macosx xros xrsimulator";
				SWIFT_APPROACHABLE_CONCURRENCY = YES;
				SWIFT_EMIT_LOC_STRINGS = YES;
				SWIFT_UPCOMING_FEATURE_MEMBER_IMPORT_VISIBILITY = YES;
				SWIFT_VERSION = 5.0;
				TARGETED_DEVICE_FAMILY = "1,2,7";
				XROS_DEPLOYMENT_TARGET = 26.0;
			};
			name = Release;
		};
		524942E92CA2C9E5004DB0EC /* Debug */ = {
			isa = XCBuildConfiguration;
			buildSettings = {
				ASSETCATALOG_COMPILER_APPICON_NAME = AppIcon;
				ASSETCATALOG_COMPILER_GLOBAL_ACCENT_COLOR_NAME = AccentColor;
				ASSETCATALOG_COMPILER_INCLUDE_ALL_APPICON_ASSETS = YES;
				CODE_SIGN_ENTITLEMENTS = "WristAsNeeded Watch App/WristAsNeeded Watch App.entitlements";
				CODE_SIGN_STYLE = Automatic;
				CURRENT_PROJECT_VERSION = 247;
				DEVELOPMENT_ASSET_PATHS = "\"WristAsNeeded Watch App/Preview Content\"";
				ENABLE_APP_SANDBOX = YES;
				ENABLE_PREVIEWS = YES;
				ENABLE_USER_SCRIPT_SANDBOXING = YES;
				ENABLE_USER_SELECTED_FILES = readonly;
				GCC_C_LANGUAGE_STANDARD = gnu17;
				GENERATE_INFOPLIST_FILE = YES;
				INFOPLIST_FILE = "WristAsNeeded-Watch-App-Info.plist";
				INFOPLIST_KEY_CFBundleDisplayName = "As Needed";
				INFOPLIST_KEY_UISupportedInterfaceOrientations = "UIInterfaceOrientationPortrait UIInterfaceOrientationPortraitUpsideDown";
				INFOPLIST_KEY_WKCompanionAppBundleIdentifier = com.codedbydan.AsNeeded;
				INFOPLIST_KEY_WKRunsIndependentlyOfCompanionApp = YES;
				LD_RUNPATH_SEARCH_PATHS = (
					"$(inherited)",
					"@executable_path/Frameworks",
				);
				LOCALIZATION_PREFERS_STRING_CATALOGS = YES;
				MARKETING_VERSION = 1.1.2;
				PRODUCT_BUNDLE_IDENTIFIER = com.codedbydan.AsNeeded.watchkitapp;
				PRODUCT_NAME = "$(TARGET_NAME)";
				SDKROOT = watchos;
				SKIP_INSTALL = YES;
				SWIFT_ACTIVE_COMPILATION_CONDITIONS = "DEBUG $(inherited)";
				SWIFT_EMIT_LOC_STRINGS = YES;
				SWIFT_VERSION = 5.0;
				TARGETED_DEVICE_FAMILY = 4;
				WATCHOS_DEPLOYMENT_TARGET = 26.0;
			};
			name = Debug;
		};
		524942EA2CA2C9E5004DB0EC /* Release */ = {
			isa = XCBuildConfiguration;
			buildSettings = {
				ASSETCATALOG_COMPILER_APPICON_NAME = AppIcon;
				ASSETCATALOG_COMPILER_GLOBAL_ACCENT_COLOR_NAME = AccentColor;
				ASSETCATALOG_COMPILER_INCLUDE_ALL_APPICON_ASSETS = YES;
				CODE_SIGN_ENTITLEMENTS = "WristAsNeeded Watch App/WristAsNeeded Watch App.entitlements";
				CODE_SIGN_STYLE = Automatic;
				CURRENT_PROJECT_VERSION = 247;
				DEVELOPMENT_ASSET_PATHS = "\"WristAsNeeded Watch App/Preview Content\"";
				ENABLE_APP_SANDBOX = YES;
				ENABLE_PREVIEWS = YES;
				ENABLE_USER_SCRIPT_SANDBOXING = YES;
				ENABLE_USER_SELECTED_FILES = readonly;
				GCC_C_LANGUAGE_STANDARD = gnu17;
				GENERATE_INFOPLIST_FILE = YES;
				INFOPLIST_FILE = "WristAsNeeded-Watch-App-Info.plist";
				INFOPLIST_KEY_CFBundleDisplayName = "As Needed";
				INFOPLIST_KEY_UISupportedInterfaceOrientations = "UIInterfaceOrientationPortrait UIInterfaceOrientationPortraitUpsideDown";
				INFOPLIST_KEY_WKCompanionAppBundleIdentifier = com.codedbydan.AsNeeded;
				INFOPLIST_KEY_WKRunsIndependentlyOfCompanionApp = YES;
				LD_RUNPATH_SEARCH_PATHS = (
					"$(inherited)",
					"@executable_path/Frameworks",
				);
				LOCALIZATION_PREFERS_STRING_CATALOGS = YES;
				MARKETING_VERSION = 1.1.2;
				PRODUCT_BUNDLE_IDENTIFIER = com.codedbydan.AsNeeded.watchkitapp;
				PRODUCT_NAME = "$(TARGET_NAME)";
				SDKROOT = watchos;
				SKIP_INSTALL = YES;
				SWIFT_EMIT_LOC_STRINGS = YES;
				SWIFT_VERSION = 5.0;
				TARGETED_DEVICE_FAMILY = 4;
				WATCHOS_DEPLOYMENT_TARGET = 26.0;
			};
			name = Release;
		};
		527AFA4428E26B3600BD575D /* Debug */ = {
			isa = XCBuildConfiguration;
			buildSettings = {
				ALWAYS_SEARCH_USER_PATHS = NO;
				ASSETCATALOG_COMPILER_GENERATE_SWIFT_ASSET_SYMBOL_EXTENSIONS = YES;
				CLANG_ANALYZER_NONNULL = YES;
				CLANG_ANALYZER_NUMBER_OBJECT_CONVERSION = YES_AGGRESSIVE;
				CLANG_CXX_LANGUAGE_STANDARD = "gnu++20";
				CLANG_ENABLE_MODULES = YES;
				CLANG_ENABLE_OBJC_ARC = YES;
				CLANG_ENABLE_OBJC_WEAK = YES;
				CLANG_WARN_BLOCK_CAPTURE_AUTORELEASING = YES;
				CLANG_WARN_BOOL_CONVERSION = YES;
				CLANG_WARN_COMMA = YES;
				CLANG_WARN_CONSTANT_CONVERSION = YES;
				CLANG_WARN_DEPRECATED_OBJC_IMPLEMENTATIONS = YES;
				CLANG_WARN_DIRECT_OBJC_ISA_USAGE = YES_ERROR;
				CLANG_WARN_DOCUMENTATION_COMMENTS = YES;
				CLANG_WARN_EMPTY_BODY = YES;
				CLANG_WARN_ENUM_CONVERSION = YES;
				CLANG_WARN_INFINITE_RECURSION = YES;
				CLANG_WARN_INT_CONVERSION = YES;
				CLANG_WARN_NON_LITERAL_NULL_CONVERSION = YES;
				CLANG_WARN_OBJC_IMPLICIT_RETAIN_SELF = YES;
				CLANG_WARN_OBJC_LITERAL_CONVERSION = YES;
				CLANG_WARN_OBJC_ROOT_CLASS = YES_ERROR;
				CLANG_WARN_QUOTED_INCLUDE_IN_FRAMEWORK_HEADER = YES;
				CLANG_WARN_RANGE_LOOP_ANALYSIS = YES;
				CLANG_WARN_STRICT_PROTOTYPES = YES;
				CLANG_WARN_SUSPICIOUS_MOVE = YES;
				CLANG_WARN_UNGUARDED_AVAILABILITY = YES_AGGRESSIVE;
				CLANG_WARN_UNREACHABLE_CODE = YES;
				CLANG_WARN__DUPLICATE_METHOD_MATCH = YES;
				COPY_PHASE_STRIP = NO;
				DEBUG_INFORMATION_FORMAT = dwarf;
				DEVELOPMENT_TEAM = WRJ8J85K4Q;
				ENABLE_STRICT_OBJC_MSGSEND = YES;
				ENABLE_TESTABILITY = YES;
				GCC_C_LANGUAGE_STANDARD = gnu11;
				GCC_DYNAMIC_NO_PIC = NO;
				GCC_NO_COMMON_BLOCKS = YES;
				GCC_OPTIMIZATION_LEVEL = 0;
				GCC_PREPROCESSOR_DEFINITIONS = (
					"DEBUG=1",
					"$(inherited)",
				);
				GCC_WARN_64_TO_32_BIT_CONVERSION = YES;
				GCC_WARN_ABOUT_RETURN_TYPE = YES_ERROR;
				GCC_WARN_UNDECLARED_SELECTOR = YES;
				GCC_WARN_UNINITIALIZED_AUTOS = YES_AGGRESSIVE;
				GCC_WARN_UNUSED_FUNCTION = YES;
				GCC_WARN_UNUSED_VARIABLE = YES;
				IPHONEOS_DEPLOYMENT_TARGET = 26.0;
				MTL_ENABLE_DEBUG_INFO = INCLUDE_SOURCE;
				MTL_FAST_MATH = YES;
				ONLY_ACTIVE_ARCH = YES;
				SDKROOT = iphoneos;
				STRING_CATALOG_GENERATE_SYMBOLS = YES;
				SWIFT_ACTIVE_COMPILATION_CONDITIONS = DEBUG;
				SWIFT_EMIT_LOC_STRINGS = YES;
				SWIFT_OPTIMIZATION_LEVEL = "-Onone";
			};
			name = Debug;
		};
		527AFA4528E26B3600BD575D /* Release */ = {
			isa = XCBuildConfiguration;
			buildSettings = {
				ALWAYS_SEARCH_USER_PATHS = NO;
				ASSETCATALOG_COMPILER_GENERATE_SWIFT_ASSET_SYMBOL_EXTENSIONS = YES;
				CLANG_ANALYZER_NONNULL = YES;
				CLANG_ANALYZER_NUMBER_OBJECT_CONVERSION = YES_AGGRESSIVE;
				CLANG_CXX_LANGUAGE_STANDARD = "gnu++20";
				CLANG_ENABLE_MODULES = YES;
				CLANG_ENABLE_OBJC_ARC = YES;
				CLANG_ENABLE_OBJC_WEAK = YES;
				CLANG_WARN_BLOCK_CAPTURE_AUTORELEASING = YES;
				CLANG_WARN_BOOL_CONVERSION = YES;
				CLANG_WARN_COMMA = YES;
				CLANG_WARN_CONSTANT_CONVERSION = YES;
				CLANG_WARN_DEPRECATED_OBJC_IMPLEMENTATIONS = YES;
				CLANG_WARN_DIRECT_OBJC_ISA_USAGE = YES_ERROR;
				CLANG_WARN_DOCUMENTATION_COMMENTS = YES;
				CLANG_WARN_EMPTY_BODY = YES;
				CLANG_WARN_ENUM_CONVERSION = YES;
				CLANG_WARN_INFINITE_RECURSION = YES;
				CLANG_WARN_INT_CONVERSION = YES;
				CLANG_WARN_NON_LITERAL_NULL_CONVERSION = YES;
				CLANG_WARN_OBJC_IMPLICIT_RETAIN_SELF = YES;
				CLANG_WARN_OBJC_LITERAL_CONVERSION = YES;
				CLANG_WARN_OBJC_ROOT_CLASS = YES_ERROR;
				CLANG_WARN_QUOTED_INCLUDE_IN_FRAMEWORK_HEADER = YES;
				CLANG_WARN_RANGE_LOOP_ANALYSIS = YES;
				CLANG_WARN_STRICT_PROTOTYPES = YES;
				CLANG_WARN_SUSPICIOUS_MOVE = YES;
				CLANG_WARN_UNGUARDED_AVAILABILITY = YES_AGGRESSIVE;
				CLANG_WARN_UNREACHABLE_CODE = YES;
				CLANG_WARN__DUPLICATE_METHOD_MATCH = YES;
				COPY_PHASE_STRIP = NO;
				DEBUG_INFORMATION_FORMAT = "dwarf-with-dsym";
				DEVELOPMENT_TEAM = WRJ8J85K4Q;
				ENABLE_NS_ASSERTIONS = NO;
				ENABLE_STRICT_OBJC_MSGSEND = YES;
				GCC_C_LANGUAGE_STANDARD = gnu11;
				GCC_NO_COMMON_BLOCKS = YES;
				GCC_WARN_64_TO_32_BIT_CONVERSION = YES;
				GCC_WARN_ABOUT_RETURN_TYPE = YES_ERROR;
				GCC_WARN_UNDECLARED_SELECTOR = YES;
				GCC_WARN_UNINITIALIZED_AUTOS = YES_AGGRESSIVE;
				GCC_WARN_UNUSED_FUNCTION = YES;
				GCC_WARN_UNUSED_VARIABLE = YES;
				IPHONEOS_DEPLOYMENT_TARGET = 26.0;
				MTL_ENABLE_DEBUG_INFO = NO;
				MTL_FAST_MATH = YES;
				SDKROOT = iphoneos;
				STRING_CATALOG_GENERATE_SYMBOLS = YES;
				SWIFT_COMPILATION_MODE = wholemodule;
				SWIFT_EMIT_LOC_STRINGS = YES;
				SWIFT_OPTIMIZATION_LEVEL = "-O";
				VALIDATE_PRODUCT = YES;
			};
			name = Release;
		};
		527AFA4728E26B3600BD575D /* Debug */ = {
			isa = XCBuildConfiguration;
			buildSettings = {
				ASSETCATALOG_COMPILER_APPICON_NAME = AppIcon;
				ASSETCATALOG_COMPILER_GLOBAL_ACCENT_COLOR_NAME = AccentColor;
				CODE_SIGN_ENTITLEMENTS = AsNeeded/AsNeeded.entitlements;
				CODE_SIGN_STYLE = Automatic;
				CURRENT_PROJECT_VERSION = 247;
				DEVELOPMENT_ASSET_PATHS = "\"AsNeeded/Preview Content\"";
				ENABLE_APP_SANDBOX = YES;
				ENABLE_PREVIEWS = YES;
				ENABLE_USER_SELECTED_FILES = readonly;
				GENERATE_INFOPLIST_FILE = YES;
				INFOPLIST_FILE = AsNeeded/Info.plist;
				INFOPLIST_KEY_CFBundleDisplayName = "As Needed";
				INFOPLIST_KEY_ITSAppUsesNonExemptEncryption = NO;
				INFOPLIST_KEY_LSApplicationCategoryType = "public.app-category.medical";
				INFOPLIST_KEY_UIApplicationSceneManifest_Generation = YES;
				INFOPLIST_KEY_UIApplicationSupportsIndirectInputEvents = YES;
				INFOPLIST_KEY_UILaunchScreen_Generation = YES;
				INFOPLIST_KEY_UISupportedInterfaceOrientations = UIInterfaceOrientationPortrait;
				INFOPLIST_KEY_UISupportedInterfaceOrientations_iPad = "UIInterfaceOrientationLandscapeLeft UIInterfaceOrientationLandscapeRight UIInterfaceOrientationPortrait UIInterfaceOrientationPortraitUpsideDown";
				IPHONEOS_DEPLOYMENT_TARGET = 26.0;
				LD_RUNPATH_SEARCH_PATHS = (
					"$(inherited)",
					"@executable_path/Frameworks",
				);
				MARKETING_VERSION = 1.1.2;
				PRODUCT_BUNDLE_IDENTIFIER = com.codedbydan.AsNeeded;
				PRODUCT_NAME = "$(TARGET_NAME)";
				SUPPORTED_PLATFORMS = "iphoneos iphonesimulator";
				SUPPORTS_MACCATALYST = NO;
				SUPPORTS_MAC_DESIGNED_FOR_IPHONE_IPAD = NO;
				SUPPORTS_XR_DESIGNED_FOR_IPHONE_IPAD = NO;
				SWIFT_EMIT_LOC_STRINGS = YES;
				SWIFT_VERSION = 6.0;
				TARGETED_DEVICE_FAMILY = "1,2";
				_EXPERIMENTAL_SWIFT_EXPLICIT_MODULES = YES;
			};
			name = Debug;
		};
		527AFA4828E26B3600BD575D /* Release */ = {
			isa = XCBuildConfiguration;
			buildSettings = {
				ASSETCATALOG_COMPILER_APPICON_NAME = AppIcon;
				ASSETCATALOG_COMPILER_GLOBAL_ACCENT_COLOR_NAME = AccentColor;
				CODE_SIGN_ENTITLEMENTS = AsNeeded/AsNeeded.entitlements;
				CODE_SIGN_STYLE = Automatic;
				CURRENT_PROJECT_VERSION = 247;
				DEVELOPMENT_ASSET_PATHS = "\"AsNeeded/Preview Content\"";
				ENABLE_APP_SANDBOX = YES;
				ENABLE_PREVIEWS = YES;
				ENABLE_USER_SELECTED_FILES = readonly;
				GENERATE_INFOPLIST_FILE = YES;
				INFOPLIST_FILE = AsNeeded/Info.plist;
				INFOPLIST_KEY_CFBundleDisplayName = "As Needed";
				INFOPLIST_KEY_ITSAppUsesNonExemptEncryption = NO;
				INFOPLIST_KEY_LSApplicationCategoryType = "public.app-category.medical";
				INFOPLIST_KEY_UIApplicationSceneManifest_Generation = YES;
				INFOPLIST_KEY_UIApplicationSupportsIndirectInputEvents = YES;
				INFOPLIST_KEY_UILaunchScreen_Generation = YES;
				INFOPLIST_KEY_UISupportedInterfaceOrientations = UIInterfaceOrientationPortrait;
				INFOPLIST_KEY_UISupportedInterfaceOrientations_iPad = "UIInterfaceOrientationLandscapeLeft UIInterfaceOrientationLandscapeRight UIInterfaceOrientationPortrait UIInterfaceOrientationPortraitUpsideDown";
				IPHONEOS_DEPLOYMENT_TARGET = 26.0;
				LD_RUNPATH_SEARCH_PATHS = (
					"$(inherited)",
					"@executable_path/Frameworks",
				);
				MARKETING_VERSION = 1.1.2;
				PRODUCT_BUNDLE_IDENTIFIER = com.codedbydan.AsNeeded;
				PRODUCT_NAME = "$(TARGET_NAME)";
				SUPPORTED_PLATFORMS = "iphoneos iphonesimulator";
				SUPPORTS_MACCATALYST = NO;
				SUPPORTS_MAC_DESIGNED_FOR_IPHONE_IPAD = NO;
				SUPPORTS_XR_DESIGNED_FOR_IPHONE_IPAD = NO;
				SWIFT_EMIT_LOC_STRINGS = YES;
				SWIFT_VERSION = 6.0;
				TARGETED_DEVICE_FAMILY = "1,2";
				_EXPERIMENTAL_SWIFT_EXPLICIT_MODULES = YES;
			};
			name = Release;
		};
		52B378532E4E77FD008EC5F2 /* Debug */ = {
			isa = XCBuildConfiguration;
			buildSettings = {
				BUNDLE_LOADER = "$(TEST_HOST)";
				CODE_SIGN_STYLE = Automatic;
				CURRENT_PROJECT_VERSION = 247;
				ENABLE_USER_SCRIPT_SANDBOXING = YES;
				GCC_C_LANGUAGE_STANDARD = gnu17;
				GENERATE_INFOPLIST_FILE = YES;
				IPHONEOS_DEPLOYMENT_TARGET = 26.0;
				LOCALIZATION_PREFERS_STRING_CATALOGS = YES;
				MARKETING_VERSION = 1.1.2;
				PRODUCT_BUNDLE_IDENTIFIER = com.codedbydan.AsNeededTests;
				PRODUCT_NAME = "$(TARGET_NAME)";
				STRING_CATALOG_GENERATE_SYMBOLS = NO;
				SWIFT_ACTIVE_COMPILATION_CONDITIONS = "DEBUG $(inherited)";
				SWIFT_APPROACHABLE_CONCURRENCY = YES;
				SWIFT_EMIT_LOC_STRINGS = NO;
				SWIFT_UPCOMING_FEATURE_MEMBER_IMPORT_VISIBILITY = YES;
				SWIFT_VERSION = 5.0;
				TARGETED_DEVICE_FAMILY = "1,2";
				TEST_HOST = "$(BUILT_PRODUCTS_DIR)/AsNeeded.app/$(BUNDLE_EXECUTABLE_FOLDER_PATH)/AsNeeded";
			};
			name = Debug;
		};
		52B378542E4E77FD008EC5F2 /* Release */ = {
			isa = XCBuildConfiguration;
			buildSettings = {
				BUNDLE_LOADER = "$(TEST_HOST)";
				CODE_SIGN_STYLE = Automatic;
				CURRENT_PROJECT_VERSION = 247;
				ENABLE_USER_SCRIPT_SANDBOXING = YES;
				GCC_C_LANGUAGE_STANDARD = gnu17;
				GENERATE_INFOPLIST_FILE = YES;
				IPHONEOS_DEPLOYMENT_TARGET = 26.0;
				LOCALIZATION_PREFERS_STRING_CATALOGS = YES;
				MARKETING_VERSION = 1.1.2;
				PRODUCT_BUNDLE_IDENTIFIER = com.codedbydan.AsNeededTests;
				PRODUCT_NAME = "$(TARGET_NAME)";
				STRING_CATALOG_GENERATE_SYMBOLS = NO;
				SWIFT_APPROACHABLE_CONCURRENCY = YES;
				SWIFT_EMIT_LOC_STRINGS = NO;
				SWIFT_UPCOMING_FEATURE_MEMBER_IMPORT_VISIBILITY = YES;
				SWIFT_VERSION = 5.0;
				TARGETED_DEVICE_FAMILY = "1,2";
				TEST_HOST = "$(BUILT_PRODUCTS_DIR)/AsNeeded.app/$(BUNDLE_EXECUTABLE_FOLDER_PATH)/AsNeeded";
			};
			name = Release;
		};
/* End XCBuildConfiguration section */

/* Begin XCConfigurationList section */
		52133A132E9DB5B60055E06D /* Build configuration list for PBXNativeTarget "AsNeededWidgetExtension" */ = {
			isa = XCConfigurationList;
			buildConfigurations = (
				52133A112E9DB5B60055E06D /* Debug */,
				52133A122E9DB5B60055E06D /* Release */,
			);
			defaultConfigurationIsVisible = 0;
			defaultConfigurationName = Release;
		};
		524942E82CA2C9E5004DB0EC /* Build configuration list for PBXNativeTarget "WristAsNeeded Watch App" */ = {
			isa = XCConfigurationList;
			buildConfigurations = (
				524942E92CA2C9E5004DB0EC /* Debug */,
				524942EA2CA2C9E5004DB0EC /* Release */,
			);
			defaultConfigurationIsVisible = 0;
			defaultConfigurationName = Release;
		};
		527AFA1D28E26B3400BD575D /* Build configuration list for PBXProject "AsNeeded" */ = {
			isa = XCConfigurationList;
			buildConfigurations = (
				527AFA4428E26B3600BD575D /* Debug */,
				527AFA4528E26B3600BD575D /* Release */,
			);
			defaultConfigurationIsVisible = 0;
			defaultConfigurationName = Release;
		};
		527AFA4628E26B3600BD575D /* Build configuration list for PBXNativeTarget "AsNeeded" */ = {
			isa = XCConfigurationList;
			buildConfigurations = (
				527AFA4728E26B3600BD575D /* Debug */,
				527AFA4828E26B3600BD575D /* Release */,
			);
			defaultConfigurationIsVisible = 0;
			defaultConfigurationName = Release;
		};
		52B378522E4E77FD008EC5F2 /* Build configuration list for PBXNativeTarget "AsNeededTests" */ = {
			isa = XCConfigurationList;
			buildConfigurations = (
				52B378532E4E77FD008EC5F2 /* Debug */,
				52B378542E4E77FD008EC5F2 /* Release */,
			);
			defaultConfigurationIsVisible = 0;
			defaultConfigurationName = Release;
		};
/* End XCConfigurationList section */

/* Begin XCRemoteSwiftPackageReference section */
		521B77C72E6B92C5006A7439 /* XCRemoteSwiftPackageReference "purchases-ios" */ = {
			isa = XCRemoteSwiftPackageReference;
			repositoryURL = "https://github.com/RevenueCat/purchases-ios";
			requirement = {
				kind = exactVersion;
				version = 5.37.0;
			};
		};
		52538B412E6C8A87009017EE /* XCRemoteSwiftPackageReference "DHUtilityKit" */ = {
			isa = XCRemoteSwiftPackageReference;
			repositoryURL = "https://github.com/dan-hart/DHUtilityKit";
			requirement = {
				kind = exactVersion;
				version = 1.0.4;
			};
		};
		52929DA428EF270100C996E0 /* XCRemoteSwiftPackageReference "SFSafeSymbols" */ = {
			isa = XCRemoteSwiftPackageReference;
			repositoryURL = "https://github.com/SFSafeSymbols/SFSafeSymbols";
			requirement = {
				kind = exactVersion;
				version = 6.2.0;
			};
		};
		52BD23C72E6C87B600985CD3 /* XCRemoteSwiftPackageReference "DHLoggingKit" */ = {
			isa = XCRemoteSwiftPackageReference;
			repositoryURL = "https://github.com/dan-hart/DHLoggingKit";
			requirement = {
				kind = exactVersion;
				version = 1.0.0;
			};
		};
		52BD23CA2E6C87CF00985CD3 /* XCRemoteSwiftPackageReference "ANModelKit" */ = {
			isa = XCRemoteSwiftPackageReference;
			repositoryURL = "https://github.com/dan-hart/ANModelKit";
			requirement = {
				branch = main;
				kind = branch;
			};
		};
		52BD23CD2E6C87FC00985CD3 /* XCRemoteSwiftPackageReference "SwiftRxNorm" */ = {
			isa = XCRemoteSwiftPackageReference;
			repositoryURL = "https://github.com/dan-hart/SwiftRxNorm";
			requirement = {
				kind = exactVersion;
				version = 1.0.0;
			};
		};
		52C349A82E552F980040CEB8 /* XCRemoteSwiftPackageReference "Boutique" */ = {
			isa = XCRemoteSwiftPackageReference;
			repositoryURL = "https://github.com/mergesort/Boutique";
			requirement = {
				kind = exactVersion;
				version = 3.0.1;
			};
		};
		DHFLATUI00000000000000001 /* XCRemoteSwiftPackageReference "DHFlatUIColors" */ = {
			isa = XCRemoteSwiftPackageReference;
			repositoryURL = "https://github.com/dan-hart/DHFlatUIColors";
			requirement = {
				branch = main;
				kind = branch;
			};
		};
/* End XCRemoteSwiftPackageReference section */

/* Begin XCSwiftPackageProductDependency section */
		52133A282E9DB8D60055E06D /* Boutique */ = {
			isa = XCSwiftPackageProductDependency;
			package = 52C349A82E552F980040CEB8 /* XCRemoteSwiftPackageReference "Boutique" */;
			productName = Boutique;
		};
		52133A2A2E9DBAF00055E06D /* ANModelKit */ = {
			isa = XCSwiftPackageProductDependency;
			package = 52BD23CA2E6C87CF00985CD3 /* XCRemoteSwiftPackageReference "ANModelKit" */;
			productName = ANModelKit;
		};
		521B77C82E6B92C5006A7439 /* ReceiptParser */ = {
			isa = XCSwiftPackageProductDependency;
			package = 521B77C72E6B92C5006A7439 /* XCRemoteSwiftPackageReference "purchases-ios" */;
			productName = ReceiptParser;
		};
		521B77CA2E6B92C5006A7439 /* RevenueCat */ = {
			isa = XCSwiftPackageProductDependency;
			package = 521B77C72E6B92C5006A7439 /* XCRemoteSwiftPackageReference "purchases-ios" */;
			productName = RevenueCat;
		};
		521B77CC2E6B92C5006A7439 /* RevenueCatUI */ = {
			isa = XCSwiftPackageProductDependency;
			package = 521B77C72E6B92C5006A7439 /* XCRemoteSwiftPackageReference "purchases-ios" */;
			productName = RevenueCatUI;
		};
		52538B422E6C8A87009017EE /* DHUtilityKit */ = {
			isa = XCSwiftPackageProductDependency;
			package = 52538B412E6C8A87009017EE /* XCRemoteSwiftPackageReference "DHUtilityKit" */;
			productName = DHUtilityKit;
		};
		52929DA528EF270100C996E0 /* SFSafeSymbols */ = {
			isa = XCSwiftPackageProductDependency;
			package = 52929DA428EF270100C996E0 /* XCRemoteSwiftPackageReference "SFSafeSymbols" */;
			productName = SFSafeSymbols;
		};
		52BD23C82E6C87B600985CD3 /* DHLoggingKit */ = {
			isa = XCSwiftPackageProductDependency;
			package = 52BD23C72E6C87B600985CD3 /* XCRemoteSwiftPackageReference "DHLoggingKit" */;
			productName = DHLoggingKit;
		};
		52BD23CB2E6C87CF00985CD3 /* ANModelKit */ = {
			isa = XCSwiftPackageProductDependency;
			package = 52BD23CA2E6C87CF00985CD3 /* XCRemoteSwiftPackageReference "ANModelKit" */;
			productName = ANModelKit;
		};
		52BD23CE2E6C87FC00985CD3 /* SwiftRxNorm */ = {
			isa = XCSwiftPackageProductDependency;
			package = 52BD23CD2E6C87FC00985CD3 /* XCRemoteSwiftPackageReference "SwiftRxNorm" */;
			productName = SwiftRxNorm;
		};
		52C349A92E552F980040CEB8 /* Boutique */ = {
			isa = XCSwiftPackageProductDependency;
			package = 52C349A82E552F980040CEB8 /* XCRemoteSwiftPackageReference "Boutique" */;
			productName = Boutique;
		};
		52DE375E2E5531B100DD3B1A /* ANModelKit */ = {
			isa = XCSwiftPackageProductDependency;
			productName = ANModelKit;
		};
		52DE37602E5531B100DD3B1A /* SwiftRxNorm */ = {
			isa = XCSwiftPackageProductDependency;
			productName = SwiftRxNorm;
		};
		52F6AE312E67A9F6005CF0A1 /* DHLoggingKit */ = {
			isa = XCSwiftPackageProductDependency;
			productName = DHLoggingKit;
		};
		DHFLATUI00000000000000002 /* DHFlatUIColors */ = {
			isa = XCSwiftPackageProductDependency;
			package = DHFLATUI00000000000000001 /* XCRemoteSwiftPackageReference "DHFlatUIColors" */;
			productName = DHFlatUIColors;
		};
/* End XCSwiftPackageProductDependency section */
	};
	rootObject = 527AFA1A28E26B3400BD575D /* Project object */;
}
